{
  "originHash" : "045679ef431a5338d5a56058a01b6a43c06a1a6a76861d4c1a2ccf32655879c7",
  "pins" : [
    {
      "identity" : "urlmock",
      "kind" : "remoteSourceControl",
      "location" : "https://github.com/prachigauriar/URLMock.git",
      "state" : {
        "revision" : "6d52a5e64c9f5e3a1248de6269d100fe39c5bdc8",
        "version" : "1.3.6"
      }
    }
  ],
  "version" : 3
}
