<?xml version="1.0" encoding="UTF-8"?>
<!DOCTYPE plist PUBLIC "-//Apple//DTD PLIST 1.0//EN" "http://www.apple.com/DTDs/PropertyList-1.0.dtd">
<plist version="1.0">
<dict>
	<key>archiveVersion</key>
	<string>1</string>
	<key>classes</key>
	<dict/>
	<key>objectVersion</key>
	<string>46</string>
	<key>objects</key>
	<dict>
		<key>0814CDE52B45DEF733557761</key>
		<dict>
			<key>fileRef</key>
			<string>9F39A0F2AAFAA364A4A08935</string>
			<key>isa</key>
			<string>PBXBuildFile</string>
		</dict>
		<key>2318A7A08B7FB4850B72D91E</key>
		<dict>
			<key>fileRef</key>
			<string>C557EE3204CE2F5BEBC6B92A</string>
			<key>isa</key>
			<string>PBXBuildFile</string>
		</dict>
		<key>33EE0EEC4018F31AF1E9E582</key>
		<dict>
			<key>includeInIndex</key>
			<string>1</string>
			<key>isa</key>
			<string>PBXFileReference</string>
			<key>lastKnownFileType</key>
			<string>text.xcconfig</string>
			<key>name</key>
			<string>Pods-libTaskTests.release.xcconfig</string>
			<key>path</key>
			<string>Pods/Target Support Files/Pods-libTaskTests/Pods-libTaskTests.release.xcconfig</string>
			<key>sourceTree</key>
			<string>&lt;group&gt;</string>
		</dict>
		<key>3784F78AEFF650C5EAD0B6CA</key>
		<dict>
			<key>fileRef</key>
			<string>8AA54D513B8CAD1930D667C5</string>
			<key>isa</key>
			<string>PBXBuildFile</string>
		</dict>
		<key>427D1C0CD41538965660316A</key>
		<dict>
			<key>buildActionMask</key>
			<string>2147483647</string>
			<key>files</key>
			<array/>
			<key>inputPaths</key>
			<array/>
			<key>isa</key>
			<string>PBXShellScriptBuildPhase</string>
			<key>name</key>
			<string>Copy Pods Resources</string>
			<key>outputPaths</key>
			<array/>
			<key>runOnlyForDeploymentPostprocessing</key>
			<string>0</string>
			<key>shellPath</key>
			<string>/bin/sh</string>
			<key>shellScript</key>
			<string>"${SRCROOT}/Pods/Target Support Files/Pods-Task-iOSTests/Pods-Task-iOSTests-resources.sh"
</string>
			<key>showEnvVarsInLog</key>
			<string>0</string>
		</dict>
		<key>4310D503623B045A394BE309</key>
		<dict>
			<key>includeInIndex</key>
			<string>1</string>
			<key>isa</key>
			<string>PBXFileReference</string>
			<key>lastKnownFileType</key>
			<string>text.xcconfig</string>
			<key>name</key>
			<string>Pods-Task-iOSTests.release.xcconfig</string>
			<key>path</key>
			<string>Pods/Target Support Files/Pods-Task-iOSTests/Pods-Task-iOSTests.release.xcconfig</string>
			<key>sourceTree</key>
			<string>&lt;group&gt;</string>
		</dict>
		<key>4C1EDF6319F4784F0041A1D9</key>
		<dict>
			<key>fileRef</key>
			<string>4C86D5E519F2EA8B00C898AF</string>
			<key>isa</key>
			<string>PBXBuildFile</string>
		</dict>
		<key>4C1EDF6419F478500041A1D9</key>
		<dict>
			<key>fileRef</key>
			<string>4C86D5E519F2EA8B00C898AF</string>
			<key>isa</key>
			<string>PBXBuildFile</string>
		</dict>
		<key>4C1EDFAF19F48E1C0041A1D9</key>
		<dict>
			<key>buildActionMask</key>
			<string>2147483647</string>
			<key>files</key>
			<array>
				<string>4C1EDFD919F48E7F0041A1D9</string>
				<string>4C1EDFD519F48E7F0041A1D9</string>
				<string>4C1EDFD619F48E7F0041A1D9</string>
				<string>4C1EDFDA19F48E7F0041A1D9</string>
				<string>4C1EDFD819F48E7F0041A1D9</string>
				<string>4C1EDFD719F48E7F0041A1D9</string>
				<string>4C9B8BC71A4F3A310035B91A</string>
			</array>
			<key>isa</key>
			<string>PBXSourcesBuildPhase</string>
			<key>runOnlyForDeploymentPostprocessing</key>
			<string>0</string>
		</dict>
		<key>4C1EDFB019F48E1C0041A1D9</key>
		<dict>
			<key>buildActionMask</key>
			<string>2147483647</string>
			<key>files</key>
			<array/>
			<key>isa</key>
			<string>PBXFrameworksBuildPhase</string>
			<key>runOnlyForDeploymentPostprocessing</key>
			<string>0</string>
		</dict>
		<key>4C1EDFB119F48E1C0041A1D9</key>
		<dict>
			<key>buildActionMask</key>
			<string>2147483647</string>
			<key>files</key>
			<array>
				<string>4CB6CAE31A197B1000E68A6C</string>
				<string>4C1EDFD019F48E6E0041A1D9</string>
				<string>4C1EDFD419F48E720041A1D9</string>
				<string>4C1EDFD219F48E6E0041A1D9</string>
				<string>4C9B8BC51A4F3A310035B91A</string>
				<string>4C1EDFD319F48E6E0041A1D9</string>
				<string>4C1EDFCE19F48E6E0041A1D9</string>
				<string>4C1EDFCF19F48E6E0041A1D9</string>
				<string>4C1EDFCD19F48E620041A1D9</string>
				<string>4C1EDFD119F48E6E0041A1D9</string>
			</array>
			<key>isa</key>
			<string>PBXHeadersBuildPhase</string>
			<key>runOnlyForDeploymentPostprocessing</key>
			<string>0</string>
		</dict>
		<key>4C1EDFB219F48E1C0041A1D9</key>
		<dict>
			<key>buildActionMask</key>
			<string>2147483647</string>
			<key>files</key>
			<array/>
			<key>isa</key>
			<string>PBXResourcesBuildPhase</string>
			<key>runOnlyForDeploymentPostprocessing</key>
			<string>0</string>
		</dict>
		<key>4C1EDFB319F48E1C0041A1D9</key>
		<dict>
			<key>buildConfigurationList</key>
			<string>4C1EDFCB19F48E1D0041A1D9</string>
			<key>buildPhases</key>
			<array>
				<string>4C1EDFAF19F48E1C0041A1D9</string>
				<string>4C1EDFB019F48E1C0041A1D9</string>
				<string>4C1EDFB119F48E1C0041A1D9</string>
				<string>4C1EDFB219F48E1C0041A1D9</string>
			</array>
			<key>buildRules</key>
			<array/>
			<key>dependencies</key>
			<array/>
			<key>isa</key>
			<string>PBXNativeTarget</string>
			<key>name</key>
			<string>Task-iOS</string>
			<key>productName</key>
			<string>Task (iOS)</string>
			<key>productReference</key>
			<string>4C1EDFB419F48E1C0041A1D9</string>
			<key>productType</key>
			<string>com.apple.product-type.framework</string>
		</dict>
		<key>4C1EDFB419F48E1C0041A1D9</key>
		<dict>
			<key>explicitFileType</key>
			<string>wrapper.framework</string>
			<key>includeInIndex</key>
			<string>0</string>
			<key>isa</key>
			<string>PBXFileReference</string>
			<key>path</key>
			<string>Task.framework</string>
			<key>sourceTree</key>
			<string>BUILT_PRODUCTS_DIR</string>
		</dict>
		<key>4C1EDFBA19F48E1D0041A1D9</key>
		<dict>
			<key>buildActionMask</key>
			<string>2147483647</string>
			<key>files</key>
			<array>
				<string>4C2C27871A55C5700023CCCB</string>
				<string>4C9B8BDB1A4F50410035B91A</string>
				<string>4C9B8BED1A4F5F610035B91A</string>
				<string>4C9B8BDE1A4F50410035B91A</string>
				<string>4C9B8BE71A4F50410035B91A</string>
				<string>4C9B8BD81A4F50410035B91A</string>
				<string>4C9B8BE11A4F50410035B91A</string>
				<string>4C9B8BE41A4F50410035B91A</string>
			</array>
			<key>isa</key>
			<string>PBXSourcesBuildPhase</string>
			<key>runOnlyForDeploymentPostprocessing</key>
			<string>0</string>
		</dict>
		<key>4C1EDFBB19F48E1D0041A1D9</key>
		<dict>
			<key>buildActionMask</key>
			<string>2147483647</string>
			<key>files</key>
			<array>
				<string>4C1EDFBF19F48E1D0041A1D9</string>
				<string>3784F78AEFF650C5EAD0B6CA</string>
				<string>ACA6302A287E9F8F6386909C</string>
			</array>
			<key>isa</key>
			<string>PBXFrameworksBuildPhase</string>
			<key>runOnlyForDeploymentPostprocessing</key>
			<string>0</string>
		</dict>
		<key>4C1EDFBC19F48E1D0041A1D9</key>
		<dict>
			<key>buildActionMask</key>
			<string>2147483647</string>
			<key>files</key>
			<array/>
			<key>isa</key>
			<string>PBXResourcesBuildPhase</string>
			<key>runOnlyForDeploymentPostprocessing</key>
			<string>0</string>
		</dict>
		<key>4C1EDFBD19F48E1D0041A1D9</key>
		<dict>
			<key>buildConfigurationList</key>
			<string>4C1EDFCC19F48E1D0041A1D9</string>
			<key>buildPhases</key>
			<array>
				<string>B72F793AFB218F82973900C9</string>
				<string>4C1EDFBA19F48E1D0041A1D9</string>
				<string>4C1EDFBB19F48E1D0041A1D9</string>
				<string>4C1EDFBC19F48E1D0041A1D9</string>
				<string>427D1C0CD41538965660316A</string>
			</array>
			<key>buildRules</key>
			<array/>
			<key>dependencies</key>
			<array>
				<string>4C1EDFC119F48E1D0041A1D9</string>
			</array>
			<key>isa</key>
			<string>PBXNativeTarget</string>
			<key>name</key>
			<string>Task-iOSTests</string>
			<key>productName</key>
			<string>Task (iOS)Tests</string>
			<key>productReference</key>
			<string>4C1EDFBE19F48E1D0041A1D9</string>
			<key>productType</key>
			<string>com.apple.product-type.bundle.unit-test</string>
		</dict>
		<key>4C1EDFBE19F48E1D0041A1D9</key>
		<dict>
			<key>explicitFileType</key>
			<string>wrapper.cfbundle</string>
			<key>includeInIndex</key>
			<string>0</string>
			<key>isa</key>
			<string>PBXFileReference</string>
			<key>path</key>
			<string>Task-iOSTests.xctest</string>
			<key>sourceTree</key>
			<string>BUILT_PRODUCTS_DIR</string>
		</dict>
		<key>4C1EDFBF19F48E1D0041A1D9</key>
		<dict>
			<key>fileRef</key>
			<string>4C1EDFB419F48E1C0041A1D9</string>
			<key>isa</key>
			<string>PBXBuildFile</string>
		</dict>
		<key>4C1EDFC019F48E1D0041A1D9</key>
		<dict>
			<key>containerPortal</key>
			<string>4C86D5A619F2E96700C898AF</string>
			<key>isa</key>
			<string>PBXContainerItemProxy</string>
			<key>proxyType</key>
			<string>1</string>
			<key>remoteGlobalIDString</key>
			<string>4C1EDFB319F48E1C0041A1D9</string>
			<key>remoteInfo</key>
			<string>Task (iOS)</string>
		</dict>
		<key>4C1EDFC119F48E1D0041A1D9</key>
		<dict>
			<key>isa</key>
			<string>PBXTargetDependency</string>
			<key>target</key>
			<string>4C1EDFB319F48E1C0041A1D9</string>
			<key>targetProxy</key>
			<string>4C1EDFC019F48E1D0041A1D9</string>
		</dict>
		<key>4C1EDFC719F48E1D0041A1D9</key>
		<dict>
			<key>buildSettings</key>
			<dict>
				<key>CODE_SIGN_IDENTITY[sdk=iphoneos*]</key>
				<string>iPhone Developer</string>
				<key>DEFINES_MODULE</key>
				<string>YES</string>
				<key>DYLIB_COMPATIBILITY_VERSION</key>
				<string>1</string>
				<key>DYLIB_CURRENT_VERSION</key>
				<string>1</string>
				<key>DYLIB_INSTALL_NAME_BASE</key>
				<string>@rpath</string>
				<key>GCC_PREPROCESSOR_DEFINITIONS</key>
				<array>
					<string>DEBUG=1</string>
					<string>$(inherited)</string>
				</array>
				<key>INFOPLIST_FILE</key>
				<string>Task/Info.plist</string>
				<key>INSTALL_PATH</key>
				<string>$(LOCAL_LIBRARY_DIR)/Frameworks</string>
				<key>IPHONEOS_DEPLOYMENT_TARGET</key>
				<string>8.1</string>
				<key>LD_RUNPATH_SEARCH_PATHS</key>
				<string>$(inherited) @executable_path/Frameworks @loader_path/Frameworks</string>
				<key>PRODUCT_NAME</key>
				<string>Task</string>
				<key>SDKROOT</key>
				<string>iphoneos</string>
				<key>SKIP_INSTALL</key>
				<string>YES</string>
				<key>TARGETED_DEVICE_FAMILY</key>
				<string>1,2</string>
			</dict>
			<key>isa</key>
			<string>XCBuildConfiguration</string>
			<key>name</key>
			<string>Debug</string>
		</dict>
		<key>4C1EDFC819F48E1D0041A1D9</key>
		<dict>
			<key>buildSettings</key>
			<dict>
				<key>CODE_SIGN_IDENTITY[sdk=iphoneos*]</key>
				<string>iPhone Developer</string>
				<key>DEFINES_MODULE</key>
				<string>YES</string>
				<key>DYLIB_COMPATIBILITY_VERSION</key>
				<string>1</string>
				<key>DYLIB_CURRENT_VERSION</key>
				<string>1</string>
				<key>DYLIB_INSTALL_NAME_BASE</key>
				<string>@rpath</string>
				<key>INFOPLIST_FILE</key>
				<string>Task/Info.plist</string>
				<key>INSTALL_PATH</key>
				<string>$(LOCAL_LIBRARY_DIR)/Frameworks</string>
				<key>IPHONEOS_DEPLOYMENT_TARGET</key>
				<string>8.1</string>
				<key>LD_RUNPATH_SEARCH_PATHS</key>
				<string>$(inherited) @executable_path/Frameworks @loader_path/Frameworks</string>
				<key>PRODUCT_NAME</key>
				<string>Task</string>
				<key>SDKROOT</key>
				<string>iphoneos</string>
				<key>SKIP_INSTALL</key>
				<string>YES</string>
				<key>TARGETED_DEVICE_FAMILY</key>
				<string>1,2</string>
				<key>VALIDATE_PRODUCT</key>
				<string>YES</string>
			</dict>
			<key>isa</key>
			<string>XCBuildConfiguration</string>
			<key>name</key>
			<string>Release</string>
		</dict>
		<key>4C1EDFC919F48E1D0041A1D9</key>
		<dict>
			<key>baseConfigurationReference</key>
			<string>E70A9A252B6B90F8BAA570CD</string>
			<key>buildSettings</key>
			<dict>
				<key>FRAMEWORK_SEARCH_PATHS</key>
				<array>
					<string>$(SDKROOT)/Developer/Library/Frameworks</string>
					<string>$(inherited)</string>
				</array>
				<key>GCC_PREPROCESSOR_DEFINITIONS</key>
				<array>
					<string>DEBUG=1</string>
					<string>$(inherited)</string>
				</array>
				<key>INFOPLIST_FILE</key>
				<string>Tests/Info.plist</string>
				<key>IPHONEOS_DEPLOYMENT_TARGET</key>
				<string>8.1</string>
				<key>LD_RUNPATH_SEARCH_PATHS</key>
				<string>$(inherited) @executable_path/Frameworks @loader_path/Frameworks</string>
				<key>LIBRARY_SEARCH_PATHS</key>
				<string>$(inherited)</string>
				<key>PRODUCT_NAME</key>
				<string>$(TARGET_NAME)</string>
				<key>SDKROOT</key>
				<string>iphoneos</string>
			</dict>
			<key>isa</key>
			<string>XCBuildConfiguration</string>
			<key>name</key>
			<string>Debug</string>
		</dict>
		<key>4C1EDFCA19F48E1D0041A1D9</key>
		<dict>
			<key>baseConfigurationReference</key>
			<string>4310D503623B045A394BE309</string>
			<key>buildSettings</key>
			<dict>
				<key>FRAMEWORK_SEARCH_PATHS</key>
				<array>
					<string>$(SDKROOT)/Developer/Library/Frameworks</string>
					<string>$(inherited)</string>
				</array>
				<key>INFOPLIST_FILE</key>
				<string>Tests/Info.plist</string>
				<key>IPHONEOS_DEPLOYMENT_TARGET</key>
				<string>8.1</string>
				<key>LD_RUNPATH_SEARCH_PATHS</key>
				<string>$(inherited) @executable_path/Frameworks @loader_path/Frameworks</string>
				<key>LIBRARY_SEARCH_PATHS</key>
				<string>$(inherited)</string>
				<key>PRODUCT_NAME</key>
				<string>$(TARGET_NAME)</string>
				<key>SDKROOT</key>
				<string>iphoneos</string>
				<key>VALIDATE_PRODUCT</key>
				<string>YES</string>
			</dict>
			<key>isa</key>
			<string>XCBuildConfiguration</string>
			<key>name</key>
			<string>Release</string>
		</dict>
		<key>4C1EDFCB19F48E1D0041A1D9</key>
		<dict>
			<key>buildConfigurations</key>
			<array>
				<string>4C1EDFC719F48E1D0041A1D9</string>
				<string>4C1EDFC819F48E1D0041A1D9</string>
			</array>
			<key>defaultConfigurationIsVisible</key>
			<string>0</string>
			<key>defaultConfigurationName</key>
			<string>Release</string>
			<key>isa</key>
			<string>XCConfigurationList</string>
		</dict>
		<key>4C1EDFCC19F48E1D0041A1D9</key>
		<dict>
			<key>buildConfigurations</key>
			<array>
				<string>4C1EDFC919F48E1D0041A1D9</string>
				<string>4C1EDFCA19F48E1D0041A1D9</string>
			</array>
			<key>defaultConfigurationIsVisible</key>
			<string>0</string>
			<key>defaultConfigurationName</key>
			<string>Release</string>
			<key>isa</key>
			<string>XCConfigurationList</string>
		</dict>
		<key>4C1EDFCD19F48E620041A1D9</key>
		<dict>
			<key>fileRef</key>
			<string>4C86D5B419F2E96800C898AF</string>
			<key>isa</key>
			<string>PBXBuildFile</string>
			<key>settings</key>
			<dict>
				<key>ATTRIBUTES</key>
				<array>
					<string>Public</string>
				</array>
			</dict>
		</dict>
		<key>4C1EDFCE19F48E6E0041A1D9</key>
		<dict>
			<key>fileRef</key>
			<string>4C86D5FB19F2EC0C00C898AF</string>
			<key>isa</key>
			<string>PBXBuildFile</string>
			<key>settings</key>
			<dict>
				<key>ATTRIBUTES</key>
				<array>
					<string>Public</string>
				</array>
			</dict>
		</dict>
		<key>4C1EDFCF19F48E6E0041A1D9</key>
		<dict>
			<key>fileRef</key>
			<string>4C86D63519F2F79900C898AF</string>
			<key>isa</key>
			<string>PBXBuildFile</string>
			<key>settings</key>
			<dict>
				<key>ATTRIBUTES</key>
				<array>
					<string>Public</string>
				</array>
			</dict>
		</dict>
		<key>4C1EDFD019F48E6E0041A1D9</key>
		<dict>
			<key>fileRef</key>
			<string>4C86D62E19F2F79900C898AF</string>
			<key>isa</key>
			<string>PBXBuildFile</string>
			<key>settings</key>
			<dict>
				<key>ATTRIBUTES</key>
				<array>
					<string>Public</string>
				</array>
			</dict>
		</dict>
		<key>4C1EDFD119F48E6E0041A1D9</key>
		<dict>
			<key>fileRef</key>
			<string>4C86D63219F2F79900C898AF</string>
			<key>isa</key>
			<string>PBXBuildFile</string>
			<key>settings</key>
			<dict>
				<key>ATTRIBUTES</key>
				<array>
					<string>Public</string>
				</array>
			</dict>
		</dict>
		<key>4C1EDFD219F48E6E0041A1D9</key>
		<dict>
			<key>fileRef</key>
			<string>4C86D63019F2F79900C898AF</string>
			<key>isa</key>
			<string>PBXBuildFile</string>
			<key>settings</key>
			<dict>
				<key>ATTRIBUTES</key>
				<array>
					<string>Public</string>
				</array>
			</dict>
		</dict>
		<key>4C1EDFD319F48E6E0041A1D9</key>
		<dict>
			<key>fileRef</key>
			<string>4C86D5E419F2EA8B00C898AF</string>
			<key>isa</key>
			<string>PBXBuildFile</string>
			<key>settings</key>
			<dict>
				<key>ATTRIBUTES</key>
				<array>
					<string>Public</string>
				</array>
			</dict>
		</dict>
		<key>4C1EDFD419F48E720041A1D9</key>
		<dict>
			<key>fileRef</key>
			<string>4C86D63419F2F79900C898AF</string>
			<key>isa</key>
			<string>PBXBuildFile</string>
			<key>settings</key>
			<dict>
				<key>ATTRIBUTES</key>
				<array>
					<string>Private</string>
				</array>
			</dict>
		</dict>
		<key>4C1EDFD519F48E7F0041A1D9</key>
		<dict>
			<key>fileRef</key>
			<string>4C86D5FC19F2EC0C00C898AF</string>
			<key>isa</key>
			<string>PBXBuildFile</string>
		</dict>
		<key>4C1EDFD619F48E7F0041A1D9</key>
		<dict>
			<key>fileRef</key>
			<string>4C86D63619F2F79900C898AF</string>
			<key>isa</key>
			<string>PBXBuildFile</string>
		</dict>
		<key>4C1EDFD719F48E7F0041A1D9</key>
		<dict>
			<key>fileRef</key>
			<string>4C86D62F19F2F79900C898AF</string>
			<key>isa</key>
			<string>PBXBuildFile</string>
		</dict>
		<key>4C1EDFD819F48E7F0041A1D9</key>
		<dict>
			<key>fileRef</key>
			<string>4C86D63319F2F79900C898AF</string>
			<key>isa</key>
			<string>PBXBuildFile</string>
		</dict>
		<key>4C1EDFD919F48E7F0041A1D9</key>
		<dict>
			<key>fileRef</key>
			<string>4C86D63119F2F79900C898AF</string>
			<key>isa</key>
			<string>PBXBuildFile</string>
		</dict>
		<key>4C1EDFDA19F48E7F0041A1D9</key>
		<dict>
			<key>fileRef</key>
			<string>4C86D5E519F2EA8B00C898AF</string>
			<key>isa</key>
			<string>PBXBuildFile</string>
		</dict>
		<key>4C2C27871A55C5700023CCCB</key>
		<dict>
			<key>fileRef</key>
			<string>4C9B8BE91A4F506D0035B91A</string>
			<key>isa</key>
			<string>PBXBuildFile</string>
		</dict>
		<key>4C2C27881A55C5710023CCCB</key>
		<dict>
			<key>fileRef</key>
			<string>4C9B8BE91A4F506D0035B91A</string>
			<key>isa</key>
			<string>PBXBuildFile</string>
		</dict>
		<key>4C86D5A519F2E96700C898AF</key>
		<dict>
			<key>children</key>
			<array>
				<string>4C86D5B119F2E96800C898AF</string>
				<string>4C86D5BE19F2E96800C898AF</string>
				<string>4C86D5B019F2E96800C898AF</string>
				<string>8ABAFD04370C5AF0F5917E6C</string>
				<string>7D0CBD34DCFAC686B4D10850</string>
			</array>
			<key>isa</key>
			<string>PBXGroup</string>
			<key>sourceTree</key>
			<string>&lt;group&gt;</string>
		</dict>
		<key>4C86D5A619F2E96700C898AF</key>
		<dict>
			<key>attributes</key>
			<dict>
				<key>CLASSPREFIX</key>
				<string>TSK</string>
				<key>LastUpgradeCheck</key>
				<string>0610</string>
				<key>ORGANIZATIONNAME</key>
				<string>Two Toasters, LLC</string>
				<key>TargetAttributes</key>
				<dict>
					<key>4C1EDFB319F48E1C0041A1D9</key>
					<dict>
						<key>CreatedOnToolsVersion</key>
						<string>6.1</string>
					</dict>
					<key>4C1EDFBD19F48E1D0041A1D9</key>
					<dict>
						<key>CreatedOnToolsVersion</key>
						<string>6.1</string>
					</dict>
					<key>4C86D5AE19F2E96800C898AF</key>
					<dict>
						<key>CreatedOnToolsVersion</key>
						<string>6.1</string>
					</dict>
					<key>4C86D5B919F2E96800C898AF</key>
					<dict>
						<key>CreatedOnToolsVersion</key>
						<string>6.1</string>
					</dict>
					<key>4C86D60219F2ED6300C898AF</key>
					<dict>
						<key>CreatedOnToolsVersion</key>
						<string>6.1</string>
					</dict>
					<key>4C86D60C19F2ED6300C898AF</key>
					<dict>
						<key>CreatedOnToolsVersion</key>
						<string>6.1</string>
					</dict>
				</dict>
			</dict>
			<key>buildConfigurationList</key>
			<string>4C86D5A919F2E96700C898AF</string>
			<key>compatibilityVersion</key>
			<string>Xcode 3.2</string>
			<key>developmentRegion</key>
			<string>English</string>
			<key>hasScannedForEncodings</key>
			<string>0</string>
			<key>isa</key>
			<string>PBXProject</string>
			<key>knownRegions</key>
			<array>
				<string>en</string>
				<string>Base</string>
			</array>
			<key>mainGroup</key>
			<string>4C86D5A519F2E96700C898AF</string>
			<key>productRefGroup</key>
			<string>4C86D5B019F2E96800C898AF</string>
			<key>projectDirPath</key>
			<string></string>
			<key>projectReferences</key>
			<array/>
			<key>projectRoot</key>
			<string></string>
			<key>targets</key>
			<array>
				<string>4C86D5AE19F2E96800C898AF</string>
				<string>4C86D5B919F2E96800C898AF</string>
				<string>4C1EDFB319F48E1C0041A1D9</string>
				<string>4C1EDFBD19F48E1D0041A1D9</string>
				<string>4C86D60219F2ED6300C898AF</string>
				<string>4C86D60C19F2ED6300C898AF</string>
			</array>
		</dict>
		<key>4C86D5A919F2E96700C898AF</key>
		<dict>
			<key>buildConfigurations</key>
			<array>
				<string>4C86D5C319F2E96800C898AF</string>
				<string>4C86D5C419F2E96800C898AF</string>
			</array>
			<key>defaultConfigurationIsVisible</key>
			<string>0</string>
			<key>defaultConfigurationName</key>
			<string>Release</string>
			<key>isa</key>
			<string>XCConfigurationList</string>
		</dict>
		<key>4C86D5AA19F2E96800C898AF</key>
		<dict>
			<key>buildActionMask</key>
			<string>2147483647</string>
			<key>files</key>
			<array>
				<string>4C86D63A19F2F79900C898AF</string>
				<string>4C86D63F19F2F79900C898AF</string>
				<string>4C86D5FE19F2EC0C00C898AF</string>
				<string>4C1EDF6419F478500041A1D9</string>
				<string>4C86D63819F2F79900C898AF</string>
				<string>4C86D63C19F2F79900C898AF</string>
				<string>4C9B8BC61A4F3A310035B91A</string>
			</array>
			<key>isa</key>
			<string>PBXSourcesBuildPhase</string>
			<key>runOnlyForDeploymentPostprocessing</key>
			<string>0</string>
		</dict>
		<key>4C86D5AB19F2E96800C898AF</key>
		<dict>
			<key>buildActionMask</key>
			<string>2147483647</string>
			<key>files</key>
			<array/>
			<key>isa</key>
			<string>PBXFrameworksBuildPhase</string>
			<key>runOnlyForDeploymentPostprocessing</key>
			<string>0</string>
		</dict>
		<key>4C86D5AC19F2E96800C898AF</key>
		<dict>
			<key>buildActionMask</key>
			<string>2147483647</string>
			<key>files</key>
			<array>
				<string>4CB6CAE21A197B1000E68A6C</string>
				<string>4C86D63919F2F79900C898AF</string>
				<string>4C86D63B19F2F79900C898AF</string>
				<string>4C86D63719F2F79900C898AF</string>
				<string>4C9B8BC41A4F3A310035B91A</string>
				<string>4C86D63D19F2F79900C898AF</string>
				<string>4C86D63E19F2F79900C898AF</string>
				<string>4C86D5F019F2EA8B00C898AF</string>
				<string>4C86D5B519F2E96800C898AF</string>
				<string>4C86D5FD19F2EC0C00C898AF</string>
			</array>
			<key>isa</key>
			<string>PBXHeadersBuildPhase</string>
			<key>runOnlyForDeploymentPostprocessing</key>
			<string>0</string>
		</dict>
		<key>4C86D5AD19F2E96800C898AF</key>
		<dict>
			<key>buildActionMask</key>
			<string>2147483647</string>
			<key>files</key>
			<array/>
			<key>isa</key>
			<string>PBXResourcesBuildPhase</string>
			<key>runOnlyForDeploymentPostprocessing</key>
			<string>0</string>
		</dict>
		<key>4C86D5AE19F2E96800C898AF</key>
		<dict>
			<key>buildConfigurationList</key>
			<string>4C86D5C519F2E96800C898AF</string>
			<key>buildPhases</key>
			<array>
				<string>4C86D5AA19F2E96800C898AF</string>
				<string>4C86D5AB19F2E96800C898AF</string>
				<string>4C86D5AC19F2E96800C898AF</string>
				<string>4C86D5AD19F2E96800C898AF</string>
			</array>
			<key>buildRules</key>
			<array/>
			<key>dependencies</key>
			<array/>
			<key>isa</key>
			<string>PBXNativeTarget</string>
			<key>name</key>
			<string>Task</string>
			<key>productName</key>
			<string>TaskKit</string>
			<key>productReference</key>
			<string>4C86D5AF19F2E96800C898AF</string>
			<key>productType</key>
			<string>com.apple.product-type.framework</string>
		</dict>
		<key>4C86D5AF19F2E96800C898AF</key>
		<dict>
			<key>explicitFileType</key>
			<string>wrapper.framework</string>
			<key>includeInIndex</key>
			<string>0</string>
			<key>isa</key>
			<string>PBXFileReference</string>
			<key>path</key>
			<string>Task.framework</string>
			<key>sourceTree</key>
			<string>BUILT_PRODUCTS_DIR</string>
		</dict>
		<key>4C86D5B019F2E96800C898AF</key>
		<dict>
			<key>children</key>
			<array>
				<string>4C86D5AF19F2E96800C898AF</string>
				<string>4C86D5BA19F2E96800C898AF</string>
				<string>4C86D60319F2ED6300C898AF</string>
				<string>4C86D60D19F2ED6300C898AF</string>
				<string>4C1EDFB419F48E1C0041A1D9</string>
				<string>4C1EDFBE19F48E1D0041A1D9</string>
			</array>
			<key>isa</key>
			<string>PBXGroup</string>
			<key>name</key>
			<string>Products</string>
			<key>sourceTree</key>
			<string>&lt;group&gt;</string>
		</dict>
		<key>4C86D5B119F2E96800C898AF</key>
		<dict>
			<key>children</key>
			<array>
				<string>4C86D5B419F2E96800C898AF</string>
				<string>4C86D5FB19F2EC0C00C898AF</string>
				<string>4C86D5FC19F2EC0C00C898AF</string>
				<string>4C86D62D19F2F79900C898AF</string>
				<string>4C86D5E319F2EA8B00C898AF</string>
				<string>4C86D5B219F2E96800C898AF</string>
			</array>
			<key>isa</key>
			<string>PBXGroup</string>
			<key>path</key>
			<string>Task</string>
			<key>sourceTree</key>
			<string>&lt;group&gt;</string>
		</dict>
		<key>4C86D5B219F2E96800C898AF</key>
		<dict>
			<key>children</key>
			<array>
				<string>4C86D5B319F2E96800C898AF</string>
			</array>
			<key>isa</key>
			<string>PBXGroup</string>
			<key>name</key>
			<string>Supporting Files</string>
			<key>sourceTree</key>
			<string>&lt;group&gt;</string>
		</dict>
		<key>4C86D5B319F2E96800C898AF</key>
		<dict>
			<key>isa</key>
			<string>PBXFileReference</string>
			<key>lastKnownFileType</key>
			<string>text.plist.xml</string>
			<key>path</key>
			<string>Info.plist</string>
			<key>sourceTree</key>
			<string>&lt;group&gt;</string>
		</dict>
		<key>4C86D5B419F2E96800C898AF</key>
		<dict>
			<key>isa</key>
			<string>PBXFileReference</string>
			<key>lastKnownFileType</key>
			<string>sourcecode.c.h</string>
			<key>path</key>
			<string>Task.h</string>
			<key>sourceTree</key>
			<string>&lt;group&gt;</string>
		</dict>
		<key>4C86D5B519F2E96800C898AF</key>
		<dict>
			<key>fileRef</key>
			<string>4C86D5B419F2E96800C898AF</string>
			<key>isa</key>
			<string>PBXBuildFile</string>
			<key>settings</key>
			<dict>
				<key>ATTRIBUTES</key>
				<array>
					<string>Public</string>
				</array>
			</dict>
		</dict>
		<key>4C86D5B619F2E96800C898AF</key>
		<dict>
			<key>buildActionMask</key>
			<string>2147483647</string>
			<key>files</key>
			<array>
				<string>4C9B8BEC1A4F5F610035B91A</string>
				<string>4C9B8BEA1A4F506D0035B91A</string>
				<string>4C9B8BDA1A4F50410035B91A</string>
				<string>4C9B8BDD1A4F50410035B91A</string>
				<string>4C9B8BE61A4F50410035B91A</string>
				<string>4C9B8BD71A4F50410035B91A</string>
				<string>4C9B8BE01A4F50410035B91A</string>
				<string>4C9B8BE31A4F50410035B91A</string>
			</array>
			<key>isa</key>
			<string>PBXSourcesBuildPhase</string>
			<key>runOnlyForDeploymentPostprocessing</key>
			<string>0</string>
		</dict>
		<key>4C86D5B719F2E96800C898AF</key>
		<dict>
			<key>buildActionMask</key>
			<string>2147483647</string>
			<key>files</key>
			<array>
				<string>4C86D5BB19F2E96800C898AF</string>
				<string>2318A7A08B7FB4850B72D91E</string>
				<string>0814CDE52B45DEF733557761</string>
			</array>
			<key>isa</key>
			<string>PBXFrameworksBuildPhase</string>
			<key>runOnlyForDeploymentPostprocessing</key>
			<string>0</string>
		</dict>
		<key>4C86D5B819F2E96800C898AF</key>
		<dict>
			<key>buildActionMask</key>
			<string>2147483647</string>
			<key>files</key>
			<array/>
			<key>isa</key>
			<string>PBXResourcesBuildPhase</string>
			<key>runOnlyForDeploymentPostprocessing</key>
			<string>0</string>
		</dict>
		<key>4C86D5B919F2E96800C898AF</key>
		<dict>
			<key>buildConfigurationList</key>
			<string>4C86D5C819F2E96800C898AF</string>
			<key>buildPhases</key>
			<array>
				<string>C66D8BF9C82D1A1DC9186A22</string>
				<string>4C86D5B619F2E96800C898AF</string>
				<string>4C86D5B719F2E96800C898AF</string>
				<string>4C86D5B819F2E96800C898AF</string>
				<string>85FFB0FD5B049976B3DFF4A5</string>
			</array>
			<key>buildRules</key>
			<array/>
			<key>dependencies</key>
			<array>
				<string>4C86D5BD19F2E96800C898AF</string>
			</array>
			<key>isa</key>
			<string>PBXNativeTarget</string>
			<key>name</key>
			<string>TaskTests</string>
			<key>productName</key>
			<string>TaskKitTests</string>
			<key>productReference</key>
			<string>4C86D5BA19F2E96800C898AF</string>
			<key>productType</key>
			<string>com.apple.product-type.bundle.unit-test</string>
		</dict>
		<key>4C86D5BA19F2E96800C898AF</key>
		<dict>
			<key>explicitFileType</key>
			<string>wrapper.cfbundle</string>
			<key>includeInIndex</key>
			<string>0</string>
			<key>isa</key>
			<string>PBXFileReference</string>
			<key>path</key>
			<string>TaskTests.xctest</string>
			<key>sourceTree</key>
			<string>BUILT_PRODUCTS_DIR</string>
		</dict>
		<key>4C86D5BB19F2E96800C898AF</key>
		<dict>
			<key>fileRef</key>
			<string>4C86D5AF19F2E96800C898AF</string>
			<key>isa</key>
			<string>PBXBuildFile</string>
		</dict>
		<key>4C86D5BC19F2E96800C898AF</key>
		<dict>
			<key>containerPortal</key>
			<string>4C86D5A619F2E96700C898AF</string>
			<key>isa</key>
			<string>PBXContainerItemProxy</string>
			<key>proxyType</key>
			<string>1</string>
			<key>remoteGlobalIDString</key>
			<string>4C86D5AE19F2E96800C898AF</string>
			<key>remoteInfo</key>
			<string>TaskKit</string>
		</dict>
		<key>4C86D5BD19F2E96800C898AF</key>
		<dict>
			<key>isa</key>
			<string>PBXTargetDependency</string>
			<key>target</key>
			<string>4C86D5AE19F2E96800C898AF</string>
			<key>targetProxy</key>
			<string>4C86D5BC19F2E96800C898AF</string>
		</dict>
		<key>4C86D5BE19F2E96800C898AF</key>
		<dict>
			<key>children</key>
			<array>
				<string>4C9B8BCC1A4F50400035B91A</string>
				<string>4C9B8BD11A4F50410035B91A</string>
				<string>4C9B8BD51A4F50410035B91A</string>
				<string>4C86D5BF19F2E96800C898AF</string>
			</array>
			<key>isa</key>
			<string>PBXGroup</string>
			<key>path</key>
			<string>Tests</string>
			<key>sourceTree</key>
			<string>&lt;group&gt;</string>
		</dict>
		<key>4C86D5BF19F2E96800C898AF</key>
		<dict>
			<key>children</key>
			<array>
				<string>4C86D5C019F2E96800C898AF</string>
			</array>
			<key>isa</key>
			<string>PBXGroup</string>
			<key>name</key>
			<string>Supporting Files</string>
			<key>sourceTree</key>
			<string>&lt;group&gt;</string>
		</dict>
		<key>4C86D5C019F2E96800C898AF</key>
		<dict>
			<key>isa</key>
			<string>PBXFileReference</string>
			<key>lastKnownFileType</key>
			<string>text.plist</string>
			<key>path</key>
			<string>Info.plist</string>
			<key>sourceTree</key>
			<string>&lt;group&gt;</string>
		</dict>
		<key>4C86D5C319F2E96800C898AF</key>
		<dict>
			<key>buildSettings</key>
			<dict>
				<key>ALWAYS_SEARCH_USER_PATHS</key>
				<string>NO</string>
				<key>CLANG_CXX_LANGUAGE_STANDARD</key>
				<string>gnu++0x</string>
				<key>CLANG_CXX_LIBRARY</key>
				<string>libc++</string>
				<key>CLANG_ENABLE_MODULES</key>
				<string>YES</string>
				<key>CLANG_ENABLE_OBJC_ARC</key>
				<string>YES</string>
				<key>CLANG_WARN_BOOL_CONVERSION</key>
				<string>YES</string>
				<key>CLANG_WARN_CONSTANT_CONVERSION</key>
				<string>YES</string>
				<key>CLANG_WARN_DIRECT_OBJC_ISA_USAGE</key>
				<string>YES_ERROR</string>
				<key>CLANG_WARN_DOCUMENTATION_COMMENTS</key>
				<string>YES</string>
				<key>CLANG_WARN_EMPTY_BODY</key>
				<string>YES</string>
				<key>CLANG_WARN_ENUM_CONVERSION</key>
				<string>YES</string>
				<key>CLANG_WARN_INT_CONVERSION</key>
				<string>YES</string>
				<key>CLANG_WARN_OBJC_ROOT_CLASS</key>
				<string>YES_ERROR</string>
				<key>CLANG_WARN_UNREACHABLE_CODE</key>
				<string>YES</string>
				<key>CLANG_WARN__DUPLICATE_METHOD_MATCH</key>
				<string>YES</string>
				<key>COPY_PHASE_STRIP</key>
				<string>NO</string>
				<key>CURRENT_PROJECT_VERSION</key>
				<string>1</string>
				<key>ENABLE_STRICT_OBJC_MSGSEND</key>
				<string>YES</string>
				<key>GCC_C_LANGUAGE_STANDARD</key>
				<string>gnu99</string>
				<key>GCC_DYNAMIC_NO_PIC</key>
				<string>NO</string>
				<key>GCC_OPTIMIZATION_LEVEL</key>
				<string>0</string>
				<key>GCC_PREPROCESSOR_DEFINITIONS</key>
				<array>
					<string>DEBUG=1</string>
					<string>$(inherited)</string>
				</array>
				<key>GCC_SYMBOLS_PRIVATE_EXTERN</key>
				<string>NO</string>
				<key>GCC_WARN_64_TO_32_BIT_CONVERSION</key>
				<string>YES</string>
				<key>GCC_WARN_ABOUT_MISSING_NEWLINE</key>
				<string>YES</string>
				<key>GCC_WARN_ABOUT_RETURN_TYPE</key>
				<string>YES_ERROR</string>
				<key>GCC_WARN_UNDECLARED_SELECTOR</key>
				<string>YES</string>
				<key>GCC_WARN_UNINITIALIZED_AUTOS</key>
				<string>YES_AGGRESSIVE</string>
				<key>GCC_WARN_UNUSED_FUNCTION</key>
				<string>YES</string>
				<key>GCC_WARN_UNUSED_VARIABLE</key>
				<string>YES</string>
				<key>IPHONEOS_DEPLOYMENT_TARGET</key>
				<string>8.1</string>
				<key>MACOSX_DEPLOYMENT_TARGET</key>
				<string>10.8</string>
				<key>MTL_ENABLE_DEBUG_INFO</key>
				<string>YES</string>
				<key>ONLY_ACTIVE_ARCH</key>
				<string>YES</string>
				<key>SDKROOT</key>
				<string>macosx</string>
				<key>VERSIONING_SYSTEM</key>
				<string>apple-generic</string>
				<key>VERSION_INFO_PREFIX</key>
				<string></string>
			</dict>
			<key>isa</key>
			<string>XCBuildConfiguration</string>
			<key>name</key>
			<string>Debug</string>
		</dict>
		<key>4C86D5C419F2E96800C898AF</key>
		<dict>
			<key>buildSettings</key>
			<dict>
				<key>ALWAYS_SEARCH_USER_PATHS</key>
				<string>NO</string>
				<key>CLANG_CXX_LANGUAGE_STANDARD</key>
				<string>gnu++0x</string>
				<key>CLANG_CXX_LIBRARY</key>
				<string>libc++</string>
				<key>CLANG_ENABLE_MODULES</key>
				<string>YES</string>
				<key>CLANG_ENABLE_OBJC_ARC</key>
				<string>YES</string>
				<key>CLANG_WARN_BOOL_CONVERSION</key>
				<string>YES</string>
				<key>CLANG_WARN_CONSTANT_CONVERSION</key>
				<string>YES</string>
				<key>CLANG_WARN_DIRECT_OBJC_ISA_USAGE</key>
				<string>YES_ERROR</string>
				<key>CLANG_WARN_DOCUMENTATION_COMMENTS</key>
				<string>YES</string>
				<key>CLANG_WARN_EMPTY_BODY</key>
				<string>YES</string>
				<key>CLANG_WARN_ENUM_CONVERSION</key>
				<string>YES</string>
				<key>CLANG_WARN_INT_CONVERSION</key>
				<string>YES</string>
				<key>CLANG_WARN_OBJC_ROOT_CLASS</key>
				<string>YES_ERROR</string>
				<key>CLANG_WARN_UNREACHABLE_CODE</key>
				<string>YES</string>
				<key>CLANG_WARN__DUPLICATE_METHOD_MATCH</key>
				<string>YES</string>
				<key>COPY_PHASE_STRIP</key>
				<string>YES</string>
				<key>CURRENT_PROJECT_VERSION</key>
				<string>1</string>
				<key>DEBUG_INFORMATION_FORMAT</key>
				<string>dwarf-with-dsym</string>
				<key>ENABLE_NS_ASSERTIONS</key>
				<string>NO</string>
				<key>ENABLE_STRICT_OBJC_MSGSEND</key>
				<string>YES</string>
				<key>GCC_C_LANGUAGE_STANDARD</key>
				<string>gnu99</string>
				<key>GCC_WARN_64_TO_32_BIT_CONVERSION</key>
				<string>YES</string>
				<key>GCC_WARN_ABOUT_MISSING_NEWLINE</key>
				<string>YES</string>
				<key>GCC_WARN_ABOUT_RETURN_TYPE</key>
				<string>YES_ERROR</string>
				<key>GCC_WARN_UNDECLARED_SELECTOR</key>
				<string>YES</string>
				<key>GCC_WARN_UNINITIALIZED_AUTOS</key>
				<string>YES_AGGRESSIVE</string>
				<key>GCC_WARN_UNUSED_FUNCTION</key>
				<string>YES</string>
				<key>GCC_WARN_UNUSED_VARIABLE</key>
				<string>YES</string>
				<key>IPHONEOS_DEPLOYMENT_TARGET</key>
				<string>8.1</string>
				<key>MACOSX_DEPLOYMENT_TARGET</key>
				<string>10.8</string>
				<key>MTL_ENABLE_DEBUG_INFO</key>
				<string>NO</string>
				<key>SDKROOT</key>
				<string>macosx</string>
				<key>VERSIONING_SYSTEM</key>
				<string>apple-generic</string>
				<key>VERSION_INFO_PREFIX</key>
				<string></string>
			</dict>
			<key>isa</key>
			<string>XCBuildConfiguration</string>
			<key>name</key>
			<string>Release</string>
		</dict>
		<key>4C86D5C519F2E96800C898AF</key>
		<dict>
			<key>buildConfigurations</key>
			<array>
				<string>4C86D5C619F2E96800C898AF</string>
				<string>4C86D5C719F2E96800C898AF</string>
			</array>
			<key>defaultConfigurationIsVisible</key>
			<string>0</string>
			<key>defaultConfigurationName</key>
			<string>Release</string>
			<key>isa</key>
			<string>XCConfigurationList</string>
		</dict>
		<key>4C86D5C619F2E96800C898AF</key>
		<dict>
			<key>buildSettings</key>
			<dict>
				<key>COMBINE_HIDPI_IMAGES</key>
				<string>YES</string>
				<key>DEFINES_MODULE</key>
				<string>YES</string>
				<key>DYLIB_COMPATIBILITY_VERSION</key>
				<string>1</string>
				<key>DYLIB_CURRENT_VERSION</key>
				<string>1</string>
				<key>DYLIB_INSTALL_NAME_BASE</key>
				<string>@rpath</string>
				<key>FRAMEWORK_VERSION</key>
				<string>A</string>
				<key>INFOPLIST_FILE</key>
				<string>$(SRCROOT)/Task/Info.plist</string>
				<key>INSTALL_PATH</key>
				<string>$(LOCAL_LIBRARY_DIR)/Frameworks</string>
				<key>LD_RUNPATH_SEARCH_PATHS</key>
				<string>$(inherited) @executable_path/../Frameworks @loader_path/Frameworks</string>
				<key>MACOSX_DEPLOYMENT_TARGET</key>
				<string>10.8</string>
				<key>PRODUCT_NAME</key>
				<string>Task</string>
				<key>SKIP_INSTALL</key>
				<string>YES</string>
			</dict>
			<key>isa</key>
			<string>XCBuildConfiguration</string>
			<key>name</key>
			<string>Debug</string>
		</dict>
		<key>4C86D5C719F2E96800C898AF</key>
		<dict>
			<key>buildSettings</key>
			<dict>
				<key>COMBINE_HIDPI_IMAGES</key>
				<string>YES</string>
				<key>DEFINES_MODULE</key>
				<string>YES</string>
				<key>DYLIB_COMPATIBILITY_VERSION</key>
				<string>1</string>
				<key>DYLIB_CURRENT_VERSION</key>
				<string>1</string>
				<key>DYLIB_INSTALL_NAME_BASE</key>
				<string>@rpath</string>
				<key>FRAMEWORK_VERSION</key>
				<string>A</string>
				<key>INFOPLIST_FILE</key>
				<string>$(SRCROOT)/Task/Info.plist</string>
				<key>INSTALL_PATH</key>
				<string>$(LOCAL_LIBRARY_DIR)/Frameworks</string>
				<key>LD_RUNPATH_SEARCH_PATHS</key>
				<string>$(inherited) @executable_path/../Frameworks @loader_path/Frameworks</string>
				<key>MACOSX_DEPLOYMENT_TARGET</key>
				<string>10.8</string>
				<key>PRODUCT_NAME</key>
				<string>Task</string>
				<key>SKIP_INSTALL</key>
				<string>YES</string>
			</dict>
			<key>isa</key>
			<string>XCBuildConfiguration</string>
			<key>name</key>
			<string>Release</string>
		</dict>
		<key>4C86D5C819F2E96800C898AF</key>
		<dict>
			<key>buildConfigurations</key>
			<array>
				<string>4C86D5C919F2E96800C898AF</string>
				<string>4C86D5CA19F2E96800C898AF</string>
			</array>
			<key>defaultConfigurationIsVisible</key>
			<string>0</string>
			<key>defaultConfigurationName</key>
			<string>Release</string>
			<key>isa</key>
			<string>XCConfigurationList</string>
		</dict>
		<key>4C86D5C919F2E96800C898AF</key>
		<dict>
			<key>baseConfigurationReference</key>
			<string>8D1C2A9D70B0F961B7E07B92</string>
			<key>buildSettings</key>
			<dict>
				<key>COMBINE_HIDPI_IMAGES</key>
				<string>YES</string>
				<key>FRAMEWORK_SEARCH_PATHS</key>
				<array>
					<string>$(DEVELOPER_FRAMEWORKS_DIR)</string>
					<string>$(inherited)</string>
				</array>
				<key>GCC_PREPROCESSOR_DEFINITIONS</key>
				<array>
					<string>DEBUG=1</string>
					<string>$(inherited)</string>
				</array>
				<key>INFOPLIST_FILE</key>
				<string>Tests/Info.plist</string>
				<key>LD_RUNPATH_SEARCH_PATHS</key>
				<string>$(inherited) @executable_path/../Frameworks @loader_path/../Frameworks</string>
				<key>PRODUCT_NAME</key>
				<string>$(TARGET_NAME)</string>
			</dict>
			<key>isa</key>
			<string>XCBuildConfiguration</string>
			<key>name</key>
			<string>Debug</string>
		</dict>
		<key>4C86D5CA19F2E96800C898AF</key>
		<dict>
			<key>baseConfigurationReference</key>
			<string>8AFE8A6F88A0E06863E477A2</string>
			<key>buildSettings</key>
			<dict>
				<key>COMBINE_HIDPI_IMAGES</key>
				<string>YES</string>
				<key>FRAMEWORK_SEARCH_PATHS</key>
				<array>
					<string>$(DEVELOPER_FRAMEWORKS_DIR)</string>
					<string>$(inherited)</string>
				</array>
				<key>INFOPLIST_FILE</key>
				<string>Tests/Info.plist</string>
				<key>LD_RUNPATH_SEARCH_PATHS</key>
				<string>$(inherited) @executable_path/../Frameworks @loader_path/../Frameworks</string>
				<key>PRODUCT_NAME</key>
				<string>$(TARGET_NAME)</string>
			</dict>
			<key>isa</key>
			<string>XCBuildConfiguration</string>
			<key>name</key>
			<string>Release</string>
		</dict>
		<key>4C86D5E319F2EA8B00C898AF</key>
		<dict>
			<key>children</key>
			<array>
				<string>4C86D5E419F2EA8B00C898AF</string>
				<string>4C86D5E519F2EA8B00C898AF</string>
				<string>4CB6CAE01A197B1000E68A6C</string>
			</array>
			<key>isa</key>
			<string>PBXGroup</string>
			<key>path</key>
			<string>Workflow</string>
			<key>sourceTree</key>
			<string>&lt;group&gt;</string>
		</dict>
		<key>4C86D5E419F2EA8B00C898AF</key>
		<dict>
			<key>fileEncoding</key>
			<string>4</string>
			<key>isa</key>
			<string>PBXFileReference</string>
			<key>lastKnownFileType</key>
			<string>sourcecode.c.h</string>
			<key>path</key>
			<string>TSKWorkflow.h</string>
			<key>sourceTree</key>
			<string>&lt;group&gt;</string>
		</dict>
		<key>4C86D5E519F2EA8B00C898AF</key>
		<dict>
			<key>fileEncoding</key>
			<string>4</string>
			<key>isa</key>
			<string>PBXFileReference</string>
			<key>lastKnownFileType</key>
			<string>sourcecode.c.objc</string>
			<key>path</key>
			<string>TSKWorkflow.m</string>
			<key>sourceTree</key>
			<string>&lt;group&gt;</string>
		</dict>
		<key>4C86D5F019F2EA8B00C898AF</key>
		<dict>
			<key>fileRef</key>
			<string>4C86D5E419F2EA8B00C898AF</string>
			<key>isa</key>
			<string>PBXBuildFile</string>
			<key>settings</key>
			<dict>
				<key>ATTRIBUTES</key>
				<array>
					<string>Public</string>
				</array>
			</dict>
		</dict>
		<key>4C86D5FB19F2EC0C00C898AF</key>
		<dict>
			<key>fileEncoding</key>
			<string>4</string>
			<key>isa</key>
			<string>PBXFileReference</string>
			<key>lastKnownFileType</key>
			<string>sourcecode.c.h</string>
			<key>path</key>
			<string>TaskErrors.h</string>
			<key>sourceTree</key>
			<string>&lt;group&gt;</string>
		</dict>
		<key>4C86D5FC19F2EC0C00C898AF</key>
		<dict>
			<key>fileEncoding</key>
			<string>4</string>
			<key>isa</key>
			<string>PBXFileReference</string>
			<key>lastKnownFileType</key>
			<string>sourcecode.c.objc</string>
			<key>path</key>
			<string>TaskErrors.m</string>
			<key>sourceTree</key>
			<string>&lt;group&gt;</string>
		</dict>
		<key>4C86D5FD19F2EC0C00C898AF</key>
		<dict>
			<key>fileRef</key>
			<string>4C86D5FB19F2EC0C00C898AF</string>
			<key>isa</key>
			<string>PBXBuildFile</string>
			<key>settings</key>
			<dict>
				<key>ATTRIBUTES</key>
				<array>
					<string>Public</string>
				</array>
			</dict>
		</dict>
		<key>4C86D5FE19F2EC0C00C898AF</key>
		<dict>
			<key>fileRef</key>
			<string>4C86D5FC19F2EC0C00C898AF</string>
			<key>isa</key>
			<string>PBXBuildFile</string>
		</dict>
		<key>4C86D5FF19F2ED6300C898AF</key>
		<dict>
			<key>buildActionMask</key>
			<string>2147483647</string>
			<key>files</key>
			<array>
				<string>4C86D61A19F2ED9B00C898AF</string>
				<string>4C86D64119F2F7EE00C898AF</string>
				<string>4C86D64319F2F7EE00C898AF</string>
				<string>4C1EDF6319F4784F0041A1D9</string>
				<string>4C86D64019F2F7EE00C898AF</string>
				<string>4C86D64219F2F7EE00C898AF</string>
				<string>4C9B8BC81A4F3A310035B91A</string>
			</array>
			<key>isa</key>
			<string>PBXSourcesBuildPhase</string>
			<key>runOnlyForDeploymentPostprocessing</key>
			<string>0</string>
		</dict>
		<key>4C86D60019F2ED6300C898AF</key>
		<dict>
			<key>buildActionMask</key>
			<string>2147483647</string>
			<key>files</key>
			<array/>
			<key>isa</key>
			<string>PBXFrameworksBuildPhase</string>
			<key>runOnlyForDeploymentPostprocessing</key>
			<string>0</string>
		</dict>
		<key>4C86D60119F2ED6300C898AF</key>
		<dict>
			<key>buildActionMask</key>
			<string>2147483647</string>
			<key>dstPath</key>
			<string>include/$(PRODUCT_NAME)</string>
			<key>dstSubfolderSpec</key>
			<string>16</string>
			<key>files</key>
			<array/>
			<key>isa</key>
			<string>PBXCopyFilesBuildPhase</string>
			<key>runOnlyForDeploymentPostprocessing</key>
			<string>0</string>
		</dict>
		<key>4C86D60219F2ED6300C898AF</key>
		<dict>
			<key>buildConfigurationList</key>
			<string>4C86D61419F2ED6300C898AF</string>
			<key>buildPhases</key>
			<array>
				<string>4C86D5FF19F2ED6300C898AF</string>
				<string>4C86D60019F2ED6300C898AF</string>
				<string>4C86D60119F2ED6300C898AF</string>
			</array>
			<key>buildRules</key>
			<array/>
			<key>dependencies</key>
			<array/>
			<key>isa</key>
			<string>PBXNativeTarget</string>
			<key>name</key>
			<string>libTask</string>
			<key>productName</key>
			<string>libTaskKit</string>
			<key>productReference</key>
			<string>4C86D60319F2ED6300C898AF</string>
			<key>productType</key>
			<string>com.apple.product-type.library.static</string>
		</dict>
		<key>4C86D60319F2ED6300C898AF</key>
		<dict>
			<key>explicitFileType</key>
			<string>archive.ar</string>
			<key>includeInIndex</key>
			<string>0</string>
			<key>isa</key>
			<string>PBXFileReference</string>
			<key>path</key>
			<string>libTask.a</string>
			<key>sourceTree</key>
			<string>BUILT_PRODUCTS_DIR</string>
		</dict>
		<key>4C86D60919F2ED6300C898AF</key>
		<dict>
			<key>buildActionMask</key>
			<string>2147483647</string>
			<key>files</key>
			<array>
				<string>4C2C27881A55C5710023CCCB</string>
				<string>4C9B8BDC1A4F50410035B91A</string>
				<string>4C9B8BEE1A4F5F610035B91A</string>
				<string>4C9B8BDF1A4F50410035B91A</string>
				<string>4C9B8BE81A4F50410035B91A</string>
				<string>4C9B8BD91A4F50410035B91A</string>
				<string>4C9B8BE21A4F50410035B91A</string>
				<string>4C9B8BE51A4F50410035B91A</string>
			</array>
			<key>isa</key>
			<string>PBXSourcesBuildPhase</string>
			<key>runOnlyForDeploymentPostprocessing</key>
			<string>0</string>
		</dict>
		<key>4C86D60A19F2ED6300C898AF</key>
		<dict>
			<key>buildActionMask</key>
			<string>2147483647</string>
			<key>files</key>
			<array>
				<string>4C86D60E19F2ED6300C898AF</string>
				<string>FE05E92155425646C37D8310</string>
				<string>AB74495962D21F254BFFD574</string>
			</array>
			<key>isa</key>
			<string>PBXFrameworksBuildPhase</string>
			<key>runOnlyForDeploymentPostprocessing</key>
			<string>0</string>
		</dict>
		<key>4C86D60B19F2ED6300C898AF</key>
		<dict>
			<key>buildActionMask</key>
			<string>2147483647</string>
			<key>files</key>
			<array/>
			<key>isa</key>
			<string>PBXResourcesBuildPhase</string>
			<key>runOnlyForDeploymentPostprocessing</key>
			<string>0</string>
		</dict>
		<key>4C86D60C19F2ED6300C898AF</key>
		<dict>
			<key>buildConfigurationList</key>
			<string>4C86D61719F2ED6300C898AF</string>
			<key>buildPhases</key>
			<array>
				<string>C64022EEB5218F799C44651E</string>
				<string>4C86D60919F2ED6300C898AF</string>
				<string>4C86D60A19F2ED6300C898AF</string>
				<string>4C86D60B19F2ED6300C898AF</string>
				<string>DF5F64690F0FA9CA78223FFB</string>
			</array>
			<key>buildRules</key>
			<array/>
			<key>dependencies</key>
			<array>
				<string>4C86D61019F2ED6300C898AF</string>
			</array>
			<key>isa</key>
			<string>PBXNativeTarget</string>
			<key>name</key>
			<string>libTaskTests</string>
			<key>productName</key>
			<string>libTaskKitTests</string>
			<key>productReference</key>
			<string>4C86D60D19F2ED6300C898AF</string>
			<key>productType</key>
			<string>com.apple.product-type.bundle.unit-test</string>
		</dict>
		<key>4C86D60D19F2ED6300C898AF</key>
		<dict>
			<key>explicitFileType</key>
			<string>wrapper.cfbundle</string>
			<key>includeInIndex</key>
			<string>0</string>
			<key>isa</key>
			<string>PBXFileReference</string>
			<key>path</key>
			<string>libTaskTests.xctest</string>
			<key>sourceTree</key>
			<string>BUILT_PRODUCTS_DIR</string>
		</dict>
		<key>4C86D60E19F2ED6300C898AF</key>
		<dict>
			<key>fileRef</key>
			<string>4C86D60319F2ED6300C898AF</string>
			<key>isa</key>
			<string>PBXBuildFile</string>
		</dict>
		<key>4C86D60F19F2ED6300C898AF</key>
		<dict>
			<key>containerPortal</key>
			<string>4C86D5A619F2E96700C898AF</string>
			<key>isa</key>
			<string>PBXContainerItemProxy</string>
			<key>proxyType</key>
			<string>1</string>
			<key>remoteGlobalIDString</key>
			<string>4C86D60219F2ED6300C898AF</string>
			<key>remoteInfo</key>
			<string>libTaskKit</string>
		</dict>
		<key>4C86D61019F2ED6300C898AF</key>
		<dict>
			<key>isa</key>
			<string>PBXTargetDependency</string>
			<key>target</key>
			<string>4C86D60219F2ED6300C898AF</string>
			<key>targetProxy</key>
			<string>4C86D60F19F2ED6300C898AF</string>
		</dict>
		<key>4C86D61419F2ED6300C898AF</key>
		<dict>
			<key>buildConfigurations</key>
			<array>
				<string>4C86D61519F2ED6300C898AF</string>
				<string>4C86D61619F2ED6300C898AF</string>
			</array>
			<key>defaultConfigurationIsVisible</key>
			<string>0</string>
			<key>defaultConfigurationName</key>
			<string>Release</string>
			<key>isa</key>
			<string>XCConfigurationList</string>
		</dict>
		<key>4C86D61519F2ED6300C898AF</key>
		<dict>
			<key>buildSettings</key>
			<dict>
				<key>GCC_PREPROCESSOR_DEFINITIONS</key>
				<array>
					<string>DEBUG=1</string>
					<string>$(inherited)</string>
				</array>
				<key>IPHONEOS_DEPLOYMENT_TARGET</key>
				<string>6.1</string>
				<key>OTHER_LDFLAGS</key>
				<string>-ObjC</string>
				<key>PRODUCT_NAME</key>
				<string>Task</string>
				<key>SDKROOT</key>
				<string>iphoneos</string>
				<key>SKIP_INSTALL</key>
				<string>YES</string>
			</dict>
			<key>isa</key>
			<string>XCBuildConfiguration</string>
			<key>name</key>
			<string>Debug</string>
		</dict>
		<key>4C86D61619F2ED6300C898AF</key>
		<dict>
			<key>buildSettings</key>
			<dict>
				<key>IPHONEOS_DEPLOYMENT_TARGET</key>
				<string>6.1</string>
				<key>OTHER_LDFLAGS</key>
				<string>-ObjC</string>
				<key>PRODUCT_NAME</key>
				<string>Task</string>
				<key>SDKROOT</key>
				<string>iphoneos</string>
				<key>SKIP_INSTALL</key>
				<string>YES</string>
				<key>VALIDATE_PRODUCT</key>
				<string>YES</string>
			</dict>
			<key>isa</key>
			<string>XCBuildConfiguration</string>
			<key>name</key>
			<string>Release</string>
		</dict>
		<key>4C86D61719F2ED6300C898AF</key>
		<dict>
			<key>buildConfigurations</key>
			<array>
				<string>4C86D61819F2ED6300C898AF</string>
				<string>4C86D61919F2ED6300C898AF</string>
			</array>
			<key>defaultConfigurationIsVisible</key>
			<string>0</string>
			<key>defaultConfigurationName</key>
			<string>Release</string>
			<key>isa</key>
			<string>XCConfigurationList</string>
		</dict>
		<key>4C86D61819F2ED6300C898AF</key>
		<dict>
			<key>baseConfigurationReference</key>
			<string>FA33D8723B270AC2557800DE</string>
			<key>buildSettings</key>
			<dict>
				<key>FRAMEWORK_SEARCH_PATHS</key>
				<array>
					<string>$(SDKROOT)/Developer/Library/Frameworks</string>
					<string>$(inherited)</string>
				</array>
				<key>GCC_PREPROCESSOR_DEFINITIONS</key>
				<array>
					<string>DEBUG=1</string>
					<string>$(inherited)</string>
				</array>
				<key>INFOPLIST_FILE</key>
				<string>Tests/Info.plist</string>
				<key>IPHONEOS_DEPLOYMENT_TARGET</key>
				<string>8.1</string>
				<key>LD_RUNPATH_SEARCH_PATHS</key>
				<string>$(inherited) @executable_path/Frameworks @loader_path/Frameworks</string>
				<key>PRODUCT_NAME</key>
				<string>$(TARGET_NAME)</string>
				<key>SDKROOT</key>
				<string>iphoneos</string>
			</dict>
			<key>isa</key>
			<string>XCBuildConfiguration</string>
			<key>name</key>
			<string>Debug</string>
		</dict>
		<key>4C86D61919F2ED6300C898AF</key>
		<dict>
			<key>baseConfigurationReference</key>
			<string>33EE0EEC4018F31AF1E9E582</string>
			<key>buildSettings</key>
			<dict>
				<key>FRAMEWORK_SEARCH_PATHS</key>
				<array>
					<string>$(SDKROOT)/Developer/Library/Frameworks</string>
					<string>$(inherited)</string>
				</array>
				<key>INFOPLIST_FILE</key>
				<string>Tests/Info.plist</string>
				<key>IPHONEOS_DEPLOYMENT_TARGET</key>
				<string>8.1</string>
				<key>LD_RUNPATH_SEARCH_PATHS</key>
				<string>$(inherited) @executable_path/Frameworks @loader_path/Frameworks</string>
				<key>PRODUCT_NAME</key>
				<string>$(TARGET_NAME)</string>
				<key>SDKROOT</key>
				<string>iphoneos</string>
				<key>VALIDATE_PRODUCT</key>
				<string>YES</string>
			</dict>
			<key>isa</key>
			<string>XCBuildConfiguration</string>
			<key>name</key>
			<string>Release</string>
		</dict>
		<key>4C86D61A19F2ED9B00C898AF</key>
		<dict>
			<key>fileRef</key>
			<string>4C86D5FC19F2EC0C00C898AF</string>
			<key>isa</key>
			<string>PBXBuildFile</string>
		</dict>
		<key>4C86D62D19F2F79900C898AF</key>
		<dict>
			<key>children</key>
			<array>
				<string>4C86D63519F2F79900C898AF</string>
				<string>4C86D63619F2F79900C898AF</string>
				<string>4C86D63419F2F79900C898AF</string>
				<string>4C86D62E19F2F79900C898AF</string>
				<string>4C86D62F19F2F79900C898AF</string>
				<string>4C86D63019F2F79900C898AF</string>
				<string>4C86D63119F2F79900C898AF</string>
				<string>4C86D63219F2F79900C898AF</string>
				<string>4C86D63319F2F79900C898AF</string>
				<string>4C9B8BC21A4F3A310035B91A</string>
				<string>4C9B8BC31A4F3A310035B91A</string>
			</array>
			<key>isa</key>
			<string>PBXGroup</string>
			<key>path</key>
			<string>Tasks</string>
			<key>sourceTree</key>
			<string>&lt;group&gt;</string>
		</dict>
		<key>4C86D62E19F2F79900C898AF</key>
		<dict>
			<key>fileEncoding</key>
			<string>4</string>
			<key>isa</key>
			<string>PBXFileReference</string>
			<key>lastKnownFileType</key>
			<string>sourcecode.c.h</string>
			<key>path</key>
			<string>TSKBlockTask.h</string>
			<key>sourceTree</key>
			<string>&lt;group&gt;</string>
		</dict>
		<key>4C86D62F19F2F79900C898AF</key>
		<dict>
			<key>fileEncoding</key>
			<string>4</string>
			<key>isa</key>
			<string>PBXFileReference</string>
			<key>lastKnownFileType</key>
			<string>sourcecode.c.objc</string>
			<key>path</key>
			<string>TSKBlockTask.m</string>
			<key>sourceTree</key>
			<string>&lt;group&gt;</string>
		</dict>
		<key>4C86D63019F2F79900C898AF</key>
		<dict>
			<key>fileEncoding</key>
			<string>4</string>
			<key>isa</key>
			<string>PBXFileReference</string>
			<key>lastKnownFileType</key>
			<string>sourcecode.c.h</string>
			<key>path</key>
			<string>TSKExternalConditionTask.h</string>
			<key>sourceTree</key>
			<string>&lt;group&gt;</string>
		</dict>
		<key>4C86D63119F2F79900C898AF</key>
		<dict>
			<key>fileEncoding</key>
			<string>4</string>
			<key>isa</key>
			<string>PBXFileReference</string>
			<key>lastKnownFileType</key>
			<string>sourcecode.c.objc</string>
			<key>path</key>
			<string>TSKExternalConditionTask.m</string>
			<key>sourceTree</key>
			<string>&lt;group&gt;</string>
		</dict>
		<key>4C86D63219F2F79900C898AF</key>
		<dict>
			<key>fileEncoding</key>
			<string>4</string>
			<key>isa</key>
			<string>PBXFileReference</string>
			<key>lastKnownFileType</key>
			<string>sourcecode.c.h</string>
			<key>path</key>
			<string>TSKSelectorTask.h</string>
			<key>sourceTree</key>
			<string>&lt;group&gt;</string>
		</dict>
		<key>4C86D63319F2F79900C898AF</key>
		<dict>
			<key>fileEncoding</key>
			<string>4</string>
			<key>isa</key>
			<string>PBXFileReference</string>
			<key>lastKnownFileType</key>
			<string>sourcecode.c.objc</string>
			<key>path</key>
			<string>TSKSelectorTask.m</string>
			<key>sourceTree</key>
			<string>&lt;group&gt;</string>
		</dict>
		<key>4C86D63419F2F79900C898AF</key>
		<dict>
			<key>fileEncoding</key>
			<string>4</string>
			<key>isa</key>
			<string>PBXFileReference</string>
			<key>lastKnownFileType</key>
			<string>sourcecode.c.h</string>
			<key>path</key>
			<string>TSKTask+WorkflowInterface.h</string>
			<key>sourceTree</key>
			<string>&lt;group&gt;</string>
		</dict>
		<key>4C86D63519F2F79900C898AF</key>
		<dict>
			<key>fileEncoding</key>
			<string>4</string>
			<key>isa</key>
			<string>PBXFileReference</string>
			<key>lastKnownFileType</key>
			<string>sourcecode.c.h</string>
			<key>path</key>
			<string>TSKTask.h</string>
			<key>sourceTree</key>
			<string>&lt;group&gt;</string>
		</dict>
		<key>4C86D63619F2F79900C898AF</key>
		<dict>
			<key>fileEncoding</key>
			<string>4</string>
			<key>isa</key>
			<string>PBXFileReference</string>
			<key>lastKnownFileType</key>
			<string>sourcecode.c.objc</string>
			<key>path</key>
			<string>TSKTask.m</string>
			<key>sourceTree</key>
			<string>&lt;group&gt;</string>
		</dict>
		<key>4C86D63719F2F79900C898AF</key>
		<dict>
			<key>fileRef</key>
			<string>4C86D62E19F2F79900C898AF</string>
			<key>isa</key>
			<string>PBXBuildFile</string>
			<key>settings</key>
			<dict>
				<key>ATTRIBUTES</key>
				<array>
					<string>Public</string>
				</array>
			</dict>
		</dict>
		<key>4C86D63819F2F79900C898AF</key>
		<dict>
			<key>fileRef</key>
			<string>4C86D62F19F2F79900C898AF</string>
			<key>isa</key>
			<string>PBXBuildFile</string>
		</dict>
		<key>4C86D63919F2F79900C898AF</key>
		<dict>
			<key>fileRef</key>
			<string>4C86D63019F2F79900C898AF</string>
			<key>isa</key>
			<string>PBXBuildFile</string>
			<key>settings</key>
			<dict>
				<key>ATTRIBUTES</key>
				<array>
					<string>Public</string>
				</array>
			</dict>
		</dict>
		<key>4C86D63A19F2F79900C898AF</key>
		<dict>
			<key>fileRef</key>
			<string>4C86D63119F2F79900C898AF</string>
			<key>isa</key>
			<string>PBXBuildFile</string>
		</dict>
		<key>4C86D63B19F2F79900C898AF</key>
		<dict>
			<key>fileRef</key>
			<string>4C86D63219F2F79900C898AF</string>
			<key>isa</key>
			<string>PBXBuildFile</string>
			<key>settings</key>
			<dict>
				<key>ATTRIBUTES</key>
				<array>
					<string>Public</string>
				</array>
			</dict>
		</dict>
		<key>4C86D63C19F2F79900C898AF</key>
		<dict>
			<key>fileRef</key>
			<string>4C86D63319F2F79900C898AF</string>
			<key>isa</key>
			<string>PBXBuildFile</string>
		</dict>
		<key>4C86D63D19F2F79900C898AF</key>
		<dict>
			<key>fileRef</key>
			<string>4C86D63419F2F79900C898AF</string>
			<key>isa</key>
			<string>PBXBuildFile</string>
			<key>settings</key>
			<dict>
				<key>ATTRIBUTES</key>
				<array>
					<string>Private</string>
				</array>
			</dict>
		</dict>
		<key>4C86D63E19F2F79900C898AF</key>
		<dict>
			<key>fileRef</key>
			<string>4C86D63519F2F79900C898AF</string>
			<key>isa</key>
			<string>PBXBuildFile</string>
			<key>settings</key>
			<dict>
				<key>ATTRIBUTES</key>
				<array>
					<string>Public</string>
				</array>
			</dict>
		</dict>
		<key>4C86D63F19F2F79900C898AF</key>
		<dict>
			<key>fileRef</key>
			<string>4C86D63619F2F79900C898AF</string>
			<key>isa</key>
			<string>PBXBuildFile</string>
		</dict>
		<key>4C86D64019F2F7EE00C898AF</key>
		<dict>
			<key>fileRef</key>
			<string>4C86D63619F2F79900C898AF</string>
			<key>isa</key>
			<string>PBXBuildFile</string>
		</dict>
		<key>4C86D64119F2F7EE00C898AF</key>
		<dict>
			<key>fileRef</key>
			<string>4C86D62F19F2F79900C898AF</string>
			<key>isa</key>
			<string>PBXBuildFile</string>
		</dict>
		<key>4C86D64219F2F7EE00C898AF</key>
		<dict>
			<key>fileRef</key>
			<string>4C86D63319F2F79900C898AF</string>
			<key>isa</key>
			<string>PBXBuildFile</string>
		</dict>
		<key>4C86D64319F2F7EE00C898AF</key>
		<dict>
			<key>fileRef</key>
			<string>4C86D63119F2F79900C898AF</string>
			<key>isa</key>
			<string>PBXBuildFile</string>
		</dict>
		<key>4C9B8BC21A4F3A310035B91A</key>
		<dict>
			<key>fileEncoding</key>
			<string>4</string>
			<key>isa</key>
			<string>PBXFileReference</string>
			<key>lastKnownFileType</key>
			<string>sourcecode.c.h</string>
			<key>path</key>
			<string>TSKSubworkflowTask.h</string>
			<key>sourceTree</key>
			<string>&lt;group&gt;</string>
		</dict>
		<key>4C9B8BC31A4F3A310035B91A</key>
		<dict>
			<key>fileEncoding</key>
			<string>4</string>
			<key>isa</key>
			<string>PBXFileReference</string>
			<key>lastKnownFileType</key>
			<string>sourcecode.c.objc</string>
			<key>path</key>
			<string>TSKSubworkflowTask.m</string>
			<key>sourceTree</key>
			<string>&lt;group&gt;</string>
		</dict>
		<key>4C9B8BC41A4F3A310035B91A</key>
		<dict>
			<key>fileRef</key>
			<string>4C9B8BC21A4F3A310035B91A</string>
			<key>isa</key>
			<string>PBXBuildFile</string>
			<key>settings</key>
			<dict>
				<key>ATTRIBUTES</key>
				<array>
					<string>Public</string>
				</array>
			</dict>
		</dict>
		<key>4C9B8BC51A4F3A310035B91A</key>
		<dict>
			<key>fileRef</key>
			<string>4C9B8BC21A4F3A310035B91A</string>
			<key>isa</key>
			<string>PBXBuildFile</string>
			<key>settings</key>
			<dict>
				<key>ATTRIBUTES</key>
				<array>
					<string>Public</string>
				</array>
			</dict>
		</dict>
		<key>4C9B8BC61A4F3A310035B91A</key>
		<dict>
			<key>fileRef</key>
			<string>4C9B8BC31A4F3A310035B91A</string>
			<key>isa</key>
			<string>PBXBuildFile</string>
		</dict>
		<key>4C9B8BC71A4F3A310035B91A</key>
		<dict>
			<key>fileRef</key>
			<string>4C9B8BC31A4F3A310035B91A</string>
			<key>isa</key>
			<string>PBXBuildFile</string>
		</dict>
		<key>4C9B8BC81A4F3A310035B91A</key>
		<dict>
			<key>fileRef</key>
			<string>4C9B8BC31A4F3A310035B91A</string>
			<key>isa</key>
			<string>PBXBuildFile</string>
		</dict>
		<key>4C9B8BCC1A4F50400035B91A</key>
		<dict>
			<key>children</key>
			<array>
				<string>4C9B8BCD1A4F50410035B91A</string>
				<string>4C9B8BCE1A4F50410035B91A</string>
				<string>4C9B8BCF1A4F50410035B91A</string>
				<string>4C9B8BD01A4F50410035B91A</string>
			</array>
			<key>isa</key>
			<string>PBXGroup</string>
			<key>path</key>
			<string>Base</string>
			<key>sourceTree</key>
			<string>&lt;group&gt;</string>
		</dict>
		<key>4C9B8BCD1A4F50410035B91A</key>
		<dict>
			<key>fileEncoding</key>
			<string>4</string>
			<key>isa</key>
			<string>PBXFileReference</string>
			<key>lastKnownFileType</key>
			<string>sourcecode.c.h</string>
			<key>path</key>
			<string>TSKRandomizedTestCase.h</string>
			<key>sourceTree</key>
			<string>&lt;group&gt;</string>
		</dict>
		<key>4C9B8BCE1A4F50410035B91A</key>
		<dict>
			<key>fileEncoding</key>
			<string>4</string>
			<key>isa</key>
			<string>PBXFileReference</string>
			<key>lastKnownFileType</key>
			<string>sourcecode.c.objc</string>
			<key>path</key>
			<string>TSKRandomizedTestCase.m</string>
			<key>sourceTree</key>
			<string>&lt;group&gt;</string>
		</dict>
		<key>4C9B8BCF1A4F50410035B91A</key>
		<dict>
			<key>fileEncoding</key>
			<string>4</string>
			<key>isa</key>
			<string>PBXFileReference</string>
			<key>lastKnownFileType</key>
			<string>sourcecode.c.h</string>
			<key>path</key>
			<string>TSKTestTask.h</string>
			<key>sourceTree</key>
			<string>&lt;group&gt;</string>
		</dict>
		<key>4C9B8BD01A4F50410035B91A</key>
		<dict>
			<key>fileEncoding</key>
			<string>4</string>
			<key>isa</key>
			<string>PBXFileReference</string>
			<key>lastKnownFileType</key>
			<string>sourcecode.c.objc</string>
			<key>path</key>
			<string>TSKTestTask.m</string>
			<key>sourceTree</key>
			<string>&lt;group&gt;</string>
		</dict>
		<key>4C9B8BD11A4F50410035B91A</key>
		<dict>
			<key>children</key>
			<array>
				<string>4C9B8BD41A4F50410035B91A</string>
				<string>4C9B8BD21A4F50410035B91A</string>
				<string>4C9B8BE91A4F506D0035B91A</string>
				<string>4C9B8BD31A4F50410035B91A</string>
				<string>4C9B8BEB1A4F5F610035B91A</string>
			</array>
			<key>isa</key>
			<string>PBXGroup</string>
			<key>path</key>
			<string>Tasks</string>
			<key>sourceTree</key>
			<string>&lt;group&gt;</string>
		</dict>
		<key>4C9B8BD21A4F50410035B91A</key>
		<dict>
			<key>fileEncoding</key>
			<string>4</string>
			<key>isa</key>
			<string>PBXFileReference</string>
			<key>lastKnownFileType</key>
			<string>sourcecode.c.objc</string>
			<key>path</key>
			<string>TSKBlockTaskTestCase.m</string>
			<key>sourceTree</key>
			<string>&lt;group&gt;</string>
		</dict>
		<key>4C9B8BD31A4F50410035B91A</key>
		<dict>
			<key>fileEncoding</key>
			<string>4</string>
			<key>isa</key>
			<string>PBXFileReference</string>
			<key>lastKnownFileType</key>
			<string>sourcecode.c.objc</string>
			<key>path</key>
			<string>TSKSelectorTaskTestCase.m</string>
			<key>sourceTree</key>
			<string>&lt;group&gt;</string>
		</dict>
		<key>4C9B8BD41A4F50410035B91A</key>
		<dict>
			<key>fileEncoding</key>
			<string>4</string>
			<key>isa</key>
			<string>PBXFileReference</string>
			<key>lastKnownFileType</key>
			<string>sourcecode.c.objc</string>
			<key>path</key>
			<string>TSKTaskTestCase.m</string>
			<key>sourceTree</key>
			<string>&lt;group&gt;</string>
		</dict>
		<key>4C9B8BD51A4F50410035B91A</key>
		<dict>
			<key>children</key>
			<array>
				<string>4C9B8BD61A4F50410035B91A</string>
			</array>
			<key>isa</key>
			<string>PBXGroup</string>
			<key>path</key>
			<string>Workflows</string>
			<key>sourceTree</key>
			<string>&lt;group&gt;</string>
		</dict>
		<key>4C9B8BD61A4F50410035B91A</key>
		<dict>
			<key>fileEncoding</key>
			<string>4</string>
			<key>isa</key>
			<string>PBXFileReference</string>
			<key>lastKnownFileType</key>
			<string>sourcecode.c.objc</string>
			<key>path</key>
			<string>TSKWorkflowTestCase.m</string>
			<key>sourceTree</key>
			<string>&lt;group&gt;</string>
		</dict>
		<key>4C9B8BD71A4F50410035B91A</key>
		<dict>
			<key>fileRef</key>
			<string>4C9B8BCE1A4F50410035B91A</string>
			<key>isa</key>
			<string>PBXBuildFile</string>
		</dict>
		<key>4C9B8BD81A4F50410035B91A</key>
		<dict>
			<key>fileRef</key>
			<string>4C9B8BCE1A4F50410035B91A</string>
			<key>isa</key>
			<string>PBXBuildFile</string>
		</dict>
		<key>4C9B8BD91A4F50410035B91A</key>
		<dict>
			<key>fileRef</key>
			<string>4C9B8BCE1A4F50410035B91A</string>
			<key>isa</key>
			<string>PBXBuildFile</string>
		</dict>
		<key>4C9B8BDA1A4F50410035B91A</key>
		<dict>
			<key>fileRef</key>
			<string>4C9B8BD01A4F50410035B91A</string>
			<key>isa</key>
			<string>PBXBuildFile</string>
		</dict>
		<key>4C9B8BDB1A4F50410035B91A</key>
		<dict>
			<key>fileRef</key>
			<string>4C9B8BD01A4F50410035B91A</string>
			<key>isa</key>
			<string>PBXBuildFile</string>
		</dict>
		<key>4C9B8BDC1A4F50410035B91A</key>
		<dict>
			<key>fileRef</key>
			<string>4C9B8BD01A4F50410035B91A</string>
			<key>isa</key>
			<string>PBXBuildFile</string>
		</dict>
		<key>4C9B8BDD1A4F50410035B91A</key>
		<dict>
			<key>fileRef</key>
			<string>4C9B8BD21A4F50410035B91A</string>
			<key>isa</key>
			<string>PBXBuildFile</string>
		</dict>
		<key>4C9B8BDE1A4F50410035B91A</key>
		<dict>
			<key>fileRef</key>
			<string>4C9B8BD21A4F50410035B91A</string>
			<key>isa</key>
			<string>PBXBuildFile</string>
		</dict>
		<key>4C9B8BDF1A4F50410035B91A</key>
		<dict>
			<key>fileRef</key>
			<string>4C9B8BD21A4F50410035B91A</string>
			<key>isa</key>
			<string>PBXBuildFile</string>
		</dict>
		<key>4C9B8BE01A4F50410035B91A</key>
		<dict>
			<key>fileRef</key>
			<string>4C9B8BD31A4F50410035B91A</string>
			<key>isa</key>
			<string>PBXBuildFile</string>
		</dict>
		<key>4C9B8BE11A4F50410035B91A</key>
		<dict>
			<key>fileRef</key>
			<string>4C9B8BD31A4F50410035B91A</string>
			<key>isa</key>
			<string>PBXBuildFile</string>
		</dict>
		<key>4C9B8BE21A4F50410035B91A</key>
		<dict>
			<key>fileRef</key>
			<string>4C9B8BD31A4F50410035B91A</string>
			<key>isa</key>
			<string>PBXBuildFile</string>
		</dict>
		<key>4C9B8BE31A4F50410035B91A</key>
		<dict>
			<key>fileRef</key>
			<string>4C9B8BD41A4F50410035B91A</string>
			<key>isa</key>
			<string>PBXBuildFile</string>
		</dict>
		<key>4C9B8BE41A4F50410035B91A</key>
		<dict>
			<key>fileRef</key>
			<string>4C9B8BD41A4F50410035B91A</string>
			<key>isa</key>
			<string>PBXBuildFile</string>
		</dict>
		<key>4C9B8BE51A4F50410035B91A</key>
		<dict>
			<key>fileRef</key>
			<string>4C9B8BD41A4F50410035B91A</string>
			<key>isa</key>
			<string>PBXBuildFile</string>
		</dict>
		<key>4C9B8BE61A4F50410035B91A</key>
		<dict>
			<key>fileRef</key>
			<string>4C9B8BD61A4F50410035B91A</string>
			<key>isa</key>
			<string>PBXBuildFile</string>
		</dict>
		<key>4C9B8BE71A4F50410035B91A</key>
		<dict>
			<key>fileRef</key>
			<string>4C9B8BD61A4F50410035B91A</string>
			<key>isa</key>
			<string>PBXBuildFile</string>
		</dict>
		<key>4C9B8BE81A4F50410035B91A</key>
		<dict>
			<key>fileRef</key>
			<string>4C9B8BD61A4F50410035B91A</string>
			<key>isa</key>
			<string>PBXBuildFile</string>
		</dict>
		<key>4C9B8BE91A4F506D0035B91A</key>
		<dict>
			<key>fileEncoding</key>
			<string>4</string>
			<key>isa</key>
			<string>PBXFileReference</string>
			<key>lastKnownFileType</key>
			<string>sourcecode.c.objc</string>
			<key>path</key>
			<string>TSKExternalConditionTaskTestCase.m</string>
			<key>sourceTree</key>
			<string>&lt;group&gt;</string>
		</dict>
		<key>4C9B8BEA1A4F506D0035B91A</key>
		<dict>
			<key>fileRef</key>
			<string>4C9B8BE91A4F506D0035B91A</string>
			<key>isa</key>
			<string>PBXBuildFile</string>
		</dict>
		<key>4C9B8BEB1A4F5F610035B91A</key>
		<dict>
			<key>fileEncoding</key>
			<string>4</string>
			<key>isa</key>
			<string>PBXFileReference</string>
			<key>lastKnownFileType</key>
			<string>sourcecode.c.objc</string>
			<key>path</key>
			<string>TSKSubworkflowTaskTestCase.m</string>
			<key>sourceTree</key>
			<string>&lt;group&gt;</string>
		</dict>
		<key>4C9B8BEC1A4F5F610035B91A</key>
		<dict>
			<key>fileRef</key>
			<string>4C9B8BEB1A4F5F610035B91A</string>
			<key>isa</key>
			<string>PBXBuildFile</string>
		</dict>
		<key>4C9B8BED1A4F5F610035B91A</key>
		<dict>
			<key>fileRef</key>
			<string>4C9B8BEB1A4F5F610035B91A</string>
			<key>isa</key>
			<string>PBXBuildFile</string>
		</dict>
		<key>4C9B8BEE1A4F5F610035B91A</key>
		<dict>
			<key>fileRef</key>
			<string>4C9B8BEB1A4F5F610035B91A</string>
			<key>isa</key>
			<string>PBXBuildFile</string>
		</dict>
		<key>4CA55B4F1A55CC0800F492B8</key>
		<dict>
			<key>isa</key>
			<string>PBXFileReference</string>
			<key>lastKnownFileType</key>
			<string>archive.ar</string>
			<key>name</key>
			<string>libPods-Task (iOS) Tests.a</string>
			<key>path</key>
			<string>Pods/build/Debug-iphoneos/libPods-Task (iOS) Tests.a</string>
			<key>sourceTree</key>
			<string>&lt;group&gt;</string>
		</dict>
		<key>4CB6CAE01A197B1000E68A6C</key>
		<dict>
			<key>fileEncoding</key>
			<string>4</string>
			<key>isa</key>
			<string>PBXFileReference</string>
			<key>lastKnownFileType</key>
			<string>sourcecode.c.h</string>
			<key>path</key>
			<string>TSKWorkflow+TaskInterface.h</string>
			<key>sourceTree</key>
			<string>&lt;group&gt;</string>
		</dict>
		<key>4CB6CAE21A197B1000E68A6C</key>
		<dict>
			<key>fileRef</key>
			<string>4CB6CAE01A197B1000E68A6C</string>
			<key>isa</key>
			<string>PBXBuildFile</string>
			<key>settings</key>
			<dict>
				<key>ATTRIBUTES</key>
				<array>
					<string>Private</string>
				</array>
			</dict>
		</dict>
		<key>4CB6CAE31A197B1000E68A6C</key>
		<dict>
			<key>fileRef</key>
			<string>4CB6CAE01A197B1000E68A6C</string>
			<key>isa</key>
			<string>PBXBuildFile</string>
			<key>settings</key>
			<dict>
				<key>ATTRIBUTES</key>
				<array>
					<string>Private</string>
				</array>
			</dict>
		</dict>
		<key>7C020A69B272F55ADD63CCE3</key>
		<dict>
			<key>explicitFileType</key>
			<string>archive.ar</string>
			<key>includeInIndex</key>
			<string>0</string>
			<key>isa</key>
			<string>PBXFileReference</string>
			<key>path</key>
			<string>libPods-libTaskTests.a</string>
			<key>sourceTree</key>
			<string>BUILT_PRODUCTS_DIR</string>
		</dict>
		<key>7D0CBD34DCFAC686B4D10850</key>
		<dict>
			<key>children</key>
			<array>
				<string>4CA55B4F1A55CC0800F492B8</string>
				<string>FD50394D2FEC3796A2A81B26</string>
				<string>C557EE3204CE2F5BEBC6B92A</string>
				<string>F6F642574517502C6FD6B2DB</string>
				<string>8AA54D513B8CAD1930D667C5</string>
				<string>E9F89FB9899503DBA5F5D4FE</string>
				<string>9F39A0F2AAFAA364A4A08935</string>
				<string>7C020A69B272F55ADD63CCE3</string>
			</array>
			<key>isa</key>
			<string>PBXGroup</string>
			<key>name</key>
			<string>Frameworks</string>
			<key>sourceTree</key>
			<string>&lt;group&gt;</string>
		</dict>
		<key>85FFB0FD5B049976B3DFF4A5</key>
		<dict>
			<key>buildActionMask</key>
			<string>2147483647</string>
			<key>files</key>
			<array/>
			<key>inputPaths</key>
			<array/>
			<key>isa</key>
			<string>PBXShellScriptBuildPhase</string>
			<key>name</key>
			<string>Copy Pods Resources</string>
			<key>outputPaths</key>
			<array/>
			<key>runOnlyForDeploymentPostprocessing</key>
			<string>0</string>
			<key>shellPath</key>
			<string>/bin/sh</string>
			<key>shellScript</key>
			<string>"${SRCROOT}/Pods/Target Support Files/Pods-TaskTests/Pods-TaskTests-resources.sh"
</string>
			<key>showEnvVarsInLog</key>
			<string>0</string>
		</dict>
		<key>8AA54D513B8CAD1930D667C5</key>
		<dict>
			<key>explicitFileType</key>
			<string>archive.ar</string>
			<key>includeInIndex</key>
			<string>0</string>
			<key>isa</key>
			<string>PBXFileReference</string>
			<key>path</key>
			<string>libPods-Task-iOS Tests.a</string>
			<key>sourceTree</key>
			<string>BUILT_PRODUCTS_DIR</string>
		</dict>
		<key>8ABAFD04370C5AF0F5917E6C</key>
		<dict>
			<key>children</key>
			<array>
				<string>E70A9A252B6B90F8BAA570CD</string>
				<string>4310D503623B045A394BE309</string>
				<string>8D1C2A9D70B0F961B7E07B92</string>
				<string>8AFE8A6F88A0E06863E477A2</string>
				<string>FA33D8723B270AC2557800DE</string>
				<string>33EE0EEC4018F31AF1E9E582</string>
			</array>
			<key>isa</key>
			<string>PBXGroup</string>
			<key>name</key>
			<string>Pods</string>
			<key>sourceTree</key>
			<string>&lt;group&gt;</string>
		</dict>
		<key>8AFE8A6F88A0E06863E477A2</key>
		<dict>
			<key>includeInIndex</key>
			<string>1</string>
			<key>isa</key>
			<string>PBXFileReference</string>
			<key>lastKnownFileType</key>
			<string>text.xcconfig</string>
			<key>name</key>
			<string>Pods-TaskTests.release.xcconfig</string>
			<key>path</key>
			<string>Pods/Target Support Files/Pods-TaskTests/Pods-TaskTests.release.xcconfig</string>
			<key>sourceTree</key>
			<string>&lt;group&gt;</string>
		</dict>
		<key>8D1C2A9D70B0F961B7E07B92</key>
		<dict>
			<key>includeInIndex</key>
			<string>1</string>
			<key>isa</key>
			<string>PBXFileReference</string>
			<key>lastKnownFileType</key>
			<string>text.xcconfig</string>
			<key>name</key>
			<string>Pods-TaskTests.debug.xcconfig</string>
			<key>path</key>
			<string>Pods/Target Support Files/Pods-TaskTests/Pods-TaskTests.debug.xcconfig</string>
			<key>sourceTree</key>
			<string>&lt;group&gt;</string>
		</dict>
		<key>9F39A0F2AAFAA364A4A08935</key>
		<dict>
			<key>explicitFileType</key>
			<string>archive.ar</string>
			<key>includeInIndex</key>
			<string>0</string>
			<key>isa</key>
			<string>PBXFileReference</string>
			<key>path</key>
			<string>libPods-TaskTests.a</string>
			<key>sourceTree</key>
			<string>BUILT_PRODUCTS_DIR</string>
		</dict>
		<key>AB74495962D21F254BFFD574</key>
		<dict>
			<key>fileRef</key>
			<string>7C020A69B272F55ADD63CCE3</string>
			<key>isa</key>
			<string>PBXBuildFile</string>
		</dict>
		<key>ACA6302A287E9F8F6386909C</key>
		<dict>
			<key>fileRef</key>
			<string>E9F89FB9899503DBA5F5D4FE</string>
			<key>isa</key>
			<string>PBXBuildFile</string>
		</dict>
		<key>B72F793AFB218F82973900C9</key>
		<dict>
			<key>buildActionMask</key>
			<string>2147483647</string>
			<key>files</key>
			<array/>
			<key>inputPaths</key>
			<array/>
			<key>isa</key>
			<string>PBXShellScriptBuildPhase</string>
			<key>name</key>
			<string>Check Pods Manifest.lock</string>
			<key>outputPaths</key>
			<array/>
			<key>runOnlyForDeploymentPostprocessing</key>
			<string>0</string>
			<key>shellPath</key>
			<string>/bin/sh</string>
			<key>shellScript</key>
			<string>diff "${PODS_ROOT}/../Podfile.lock" "${PODS_ROOT}/Manifest.lock" &gt; /dev/null
if [[ $? != 0 ]] ; then
    cat &lt;&lt; EOM
error: The sandbox is not in sync with the Podfile.lock. Run 'pod install' or update your CocoaPods installation.
EOM
    exit 1
fi
</string>
			<key>showEnvVarsInLog</key>
			<string>0</string>
		</dict>
		<key>C557EE3204CE2F5BEBC6B92A</key>
		<dict>
			<key>explicitFileType</key>
			<string>archive.ar</string>
			<key>includeInIndex</key>
			<string>0</string>
			<key>isa</key>
			<string>PBXFileReference</string>
			<key>path</key>
			<string>libPods-Task Tests.a</string>
			<key>sourceTree</key>
			<string>BUILT_PRODUCTS_DIR</string>
		</dict>
		<key>C64022EEB5218F799C44651E</key>
		<dict>
			<key>buildActionMask</key>
			<string>2147483647</string>
			<key>files</key>
			<array/>
			<key>inputPaths</key>
			<array/>
			<key>isa</key>
			<string>PBXShellScriptBuildPhase</string>
			<key>name</key>
			<string>Check Pods Manifest.lock</string>
			<key>outputPaths</key>
			<array/>
			<key>runOnlyForDeploymentPostprocessing</key>
			<string>0</string>
			<key>shellPath</key>
			<string>/bin/sh</string>
			<key>shellScript</key>
			<string>diff "${PODS_ROOT}/../Podfile.lock" "${PODS_ROOT}/Manifest.lock" &gt; /dev/null
if [[ $? != 0 ]] ; then
    cat &lt;&lt; EOM
error: The sandbox is not in sync with the Podfile.lock. Run 'pod install' or update your CocoaPods installation.
EOM
    exit 1
fi
</string>
			<key>showEnvVarsInLog</key>
			<string>0</string>
		</dict>
		<key>C66D8BF9C82D1A1DC9186A22</key>
		<dict>
			<key>buildActionMask</key>
			<string>2147483647</string>
			<key>files</key>
			<array/>
			<key>inputPaths</key>
			<array/>
			<key>isa</key>
			<string>PBXShellScriptBuildPhase</string>
			<key>name</key>
			<string>Check Pods Manifest.lock</string>
			<key>outputPaths</key>
			<array/>
			<key>runOnlyForDeploymentPostprocessing</key>
			<string>0</string>
			<key>shellPath</key>
			<string>/bin/sh</string>
			<key>shellScript</key>
			<string>diff "${PODS_ROOT}/../Podfile.lock" "${PODS_ROOT}/Manifest.lock" &gt; /dev/null
if [[ $? != 0 ]] ; then
    cat &lt;&lt; EOM
error: The sandbox is not in sync with the Podfile.lock. Run 'pod install' or update your CocoaPods installation.
EOM
    exit 1
fi
</string>
			<key>showEnvVarsInLog</key>
			<string>0</string>
		</dict>
		<key>DF5F64690F0FA9CA78223FFB</key>
		<dict>
			<key>buildActionMask</key>
			<string>2147483647</string>
			<key>files</key>
			<array/>
			<key>inputPaths</key>
			<array/>
			<key>isa</key>
			<string>PBXShellScriptBuildPhase</string>
			<key>name</key>
			<string>Copy Pods Resources</string>
			<key>outputPaths</key>
			<array/>
			<key>runOnlyForDeploymentPostprocessing</key>
			<string>0</string>
			<key>shellPath</key>
			<string>/bin/sh</string>
			<key>shellScript</key>
			<string>"${SRCROOT}/Pods/Target Support Files/Pods-libTaskTests/Pods-libTaskTests-resources.sh"
</string>
			<key>showEnvVarsInLog</key>
			<string>0</string>
		</dict>
		<key>E70A9A252B6B90F8BAA570CD</key>
		<dict>
			<key>includeInIndex</key>
			<string>1</string>
			<key>isa</key>
			<string>PBXFileReference</string>
			<key>lastKnownFileType</key>
			<string>text.xcconfig</string>
			<key>name</key>
			<string>Pods-Task-iOSTests.debug.xcconfig</string>
			<key>path</key>
			<string>Pods/Target Support Files/Pods-Task-iOSTests/Pods-Task-iOSTests.debug.xcconfig</string>
			<key>sourceTree</key>
			<string>&lt;group&gt;</string>
		</dict>
		<key>E9F89FB9899503DBA5F5D4FE</key>
		<dict>
			<key>explicitFileType</key>
			<string>archive.ar</string>
			<key>includeInIndex</key>
			<string>0</string>
			<key>isa</key>
			<string>PBXFileReference</string>
			<key>path</key>
			<string>libPods-Task-iOSTests.a</string>
			<key>sourceTree</key>
			<string>BUILT_PRODUCTS_DIR</string>
		</dict>
		<key>F6F642574517502C6FD6B2DB</key>
		<dict>
			<key>explicitFileType</key>
			<string>archive.ar</string>
			<key>includeInIndex</key>
			<string>0</string>
			<key>isa</key>
			<string>PBXFileReference</string>
			<key>path</key>
			<string>libPods-libTask Tests.a</string>
			<key>sourceTree</key>
			<string>BUILT_PRODUCTS_DIR</string>
		</dict>
		<key>FA33D8723B270AC2557800DE</key>
		<dict>
			<key>includeInIndex</key>
			<string>1</string>
			<key>isa</key>
			<string>PBXFileReference</string>
			<key>lastKnownFileType</key>
			<string>text.xcconfig</string>
			<key>name</key>
			<string>Pods-libTaskTests.debug.xcconfig</string>
			<key>path</key>
			<string>Pods/Target Support Files/Pods-libTaskTests/Pods-libTaskTests.debug.xcconfig</string>
			<key>sourceTree</key>
			<string>&lt;group&gt;</string>
		</dict>
		<key>FD50394D2FEC3796A2A81B26</key>
		<dict>
			<key>explicitFileType</key>
			<string>archive.ar</string>
			<key>includeInIndex</key>
			<string>0</string>
			<key>isa</key>
			<string>PBXFileReference</string>
			<key>path</key>
			<string>libPods-Task (iOS) Tests.a</string>
			<key>sourceTree</key>
			<string>BUILT_PRODUCTS_DIR</string>
		</dict>
		<key>FE05E92155425646C37D8310</key>
		<dict>
			<key>fileRef</key>
			<string>F6F642574517502C6FD6B2DB</string>
			<key>isa</key>
			<string>PBXBuildFile</string>
		</dict>
	</dict>
	<key>rootObject</key>
	<string>4C86D5A619F2E96700C898AF</string>
</dict>
</plist>
