// !$*UTF8*$!
{
	archiveVersion = 1;
	classes = {
	};
	objectVersion = 46;
	objects = {

/* Begin PBXBuildFile section */
		4C0A6B411D73510500FDC68B /* AppDelegate.swift in Sources */ = {isa = PBXBuildFile; fileRef = 4C0A6B401D73510500FDC68B /* AppDelegate.swift */; };
		4C0A6B431D73527900FDC68B /* TimeSlicedTask.swift in Sources */ = {isa = PBXBuildFile; fileRef = 4C0A6B421D73527900FDC68B /* TimeSlicedTask.swift */; };
		4C0A6B451D735AEA00FDC68B /* TaskTableViewCell.swift in Sources */ = {isa = PBXBuildFile; fileRef = 4C0A6B441D735AEA00FDC68B /* TaskTableViewCell.swift */; };
		4C0A6B471D736C8D00FDC68B /* TaskCellController.swift in Sources */ = {isa = PBXBuildFile; fileRef = 4C0A6B461D736C8D00FDC68B /* TaskCellController.swift */; };
		4C1EDFAA19F485880041A1D9 /* TaskTableViewCell.xib in Resources */ = {isa = PBXBuildFile; fileRef = 4C1EDFA419F485880041A1D9 /* TaskTableViewCell.xib */; };
		4C1EDFDC19F48EEE0041A1D9 /* Task.framework in Frameworks */ = {isa = PBXBuildFile; fileRef = 4C1EDFDB19F48EEE0041A1D9 /* Task.framework */; };
		4C21DEA21D738075009CF9A5 /* WorkflowViewController.swift in Sources */ = {isa = PBXBuildFile; fileRef = 4C21DEA11D738075009CF9A5 /* WorkflowViewController.swift */; };
		4C21DEA41D7380EB009CF9A5 /* KeyValueObserver.swift in Sources */ = {isa = PBXBuildFile; fileRef = 4C21DEA31D7380EB009CF9A5 /* KeyValueObserver.swift */; };
		4C21DEA61D739EE3009CF9A5 /* Random.swift in Sources */ = {isa = PBXBuildFile; fileRef = 4C21DEA51D739EE3009CF9A5 /* Random.swift */; };
		4C5F387E19F4989A00A534E5 /* LaunchScreen.xib in Resources */ = {isa = PBXBuildFile; fileRef = 4C5F387719F4989A00A534E5 /* LaunchScreen.xib */; };
		4C5F387F19F4989A00A534E5 /* Main.storyboard in Resources */ = {isa = PBXBuildFile; fileRef = 4C5F387919F4989A00A534E5 /* Main.storyboard */; };
		4C5F388019F4989A00A534E5 /* Images.xcassets in Resources */ = {isa = PBXBuildFile; fileRef = 4C5F387B19F4989A00A534E5 /* Images.xcassets */; };
/* End PBXBuildFile section */

/* Begin PBXFileReference section */
		4C0A6B401D73510500FDC68B /* AppDelegate.swift */ = {isa = PBXFileReference; fileEncoding = 4; lastKnownFileType = sourcecode.swift; path = AppDelegate.swift; sourceTree = "<group>"; };
		4C0A6B421D73527900FDC68B /* TimeSlicedTask.swift */ = {isa = PBXFileReference; fileEncoding = 4; lastKnownFileType = sourcecode.swift; path = TimeSlicedTask.swift; sourceTree = "<group>"; };
		4C0A6B441D735AEA00FDC68B /* TaskTableViewCell.swift */ = {isa = PBXFileReference; fileEncoding = 4; lastKnownFileType = sourcecode.swift; path = TaskTableViewCell.swift; sourceTree = "<group>"; };
		4C0A6B461D736C8D00FDC68B /* TaskCellController.swift */ = {isa = PBXFileReference; fileEncoding = 4; lastKnownFileType = sourcecode.swift; path = TaskCellController.swift; sourceTree = "<group>"; };
		4C1EDF6E19F484F50041A1D9 /* Example-iOS.app */ = {isa = PBXFileReference; explicitFileType = wrapper.application; includeInIndex = 0; path = "Example-iOS.app"; sourceTree = BUILT_PRODUCTS_DIR; };
		4C1EDFA419F485880041A1D9 /* TaskTableViewCell.xib */ = {isa = PBXFileReference; fileEncoding = 4; lastKnownFileType = file.xib; path = TaskTableViewCell.xib; sourceTree = "<group>"; };
		4C1EDFDB19F48EEE0041A1D9 /* Task.framework */ = {isa = PBXFileReference; lastKnownFileType = wrapper.framework; name = Task.framework; path = "../../../Library/Developer/Xcode/DerivedData/Example-iOS-hcmhwlamsszfosbtmgdnzeexsxll/Build/Products/Debug/Task.framework"; sourceTree = "<group>"; };
		4C21DEA11D738075009CF9A5 /* WorkflowViewController.swift */ = {isa = PBXFileReference; fileEncoding = 4; lastKnownFileType = sourcecode.swift; path = WorkflowViewController.swift; sourceTree = "<group>"; };
		4C21DEA31D7380EB009CF9A5 /* KeyValueObserver.swift */ = {isa = PBXFileReference; fileEncoding = 4; lastKnownFileType = sourcecode.swift; path = KeyValueObserver.swift; sourceTree = "<group>"; };
		4C21DEA51D739EE3009CF9A5 /* Random.swift */ = {isa = PBXFileReference; fileEncoding = 4; lastKnownFileType = sourcecode.swift; path = Random.swift; sourceTree = "<group>"; };
		4C5F387819F4989A00A534E5 /* Base */ = {isa = PBXFileReference; lastKnownFileType = file.xib; name = Base; path = LaunchScreen.xib; sourceTree = "<group>"; };
		4C5F387A19F4989A00A534E5 /* Base */ = {isa = PBXFileReference; lastKnownFileType = file.storyboard; name = Base; path = Main.storyboard; sourceTree = "<group>"; };
		4C5F387B19F4989A00A534E5 /* Images.xcassets */ = {isa = PBXFileReference; lastKnownFileType = folder.assetcatalog; path = Images.xcassets; sourceTree = "<group>"; };
		4C5F387C19F4989A00A534E5 /* Info.plist */ = {isa = PBXFileReference; fileEncoding = 4; lastKnownFileType = text.plist.xml; path = Info.plist; sourceTree = "<group>"; };
/* End PBXFileReference section */

/* Begin PBXFrameworksBuildPhase section */
		4C1EDF6B19F484F50041A1D9 /* Frameworks */ = {
			isa = PBXFrameworksBuildPhase;
			buildActionMask = 2147483647;
			files = (
				4C1EDFDC19F48EEE0041A1D9 /* Task.framework in Frameworks */,
			);
			runOnlyForDeploymentPostprocessing = 0;
		};
/* End PBXFrameworksBuildPhase section */

/* Begin PBXGroup section */
		4C1EDF6519F484F50041A1D9 = {
			isa = PBXGroup;
			children = (
				4C1EDF7019F484F50041A1D9 /* Example-iOS */,
				4C1EDFDD19F48FC20041A1D9 /* Frameworks */,
				4C1EDF6F19F484F50041A1D9 /* Products */,
			);
			sourceTree = "<group>";
		};
		4C1EDF6F19F484F50041A1D9 /* Products */ = {
			isa = PBXGroup;
			children = (
				4C1EDF6E19F484F50041A1D9 /* Example-iOS.app */,
			);
			name = Products;
			sourceTree = "<group>";
		};
		4C1EDF7019F484F50041A1D9 /* Example-iOS */ = {
			isa = PBXGroup;
			children = (
				4C5F387519F4987400A534E5 /* Application */,
				4C1EDF9E19F485880041A1D9 /* Models */,
				4C1EDF9719F485880041A1D9 /* Controllers */,
				4C1EDFA119F485880041A1D9 /* Views */,
				4C5F387919F4989A00A534E5 /* Main.storyboard */,
			);
			path = "Example-iOS";
			sourceTree = "<group>";
		};
		4C1EDF7119F484F50041A1D9 /* Supporting Files */ = {
			isa = PBXGroup;
			children = (
				4C5F387C19F4989A00A534E5 /* Info.plist */,
				4C5F387B19F4989A00A534E5 /* Images.xcassets */,
				4C5F387719F4989A00A534E5 /* LaunchScreen.xib */,
			);
			name = "Supporting Files";
			sourceTree = "<group>";
		};
		4C1EDF9719F485880041A1D9 /* Controllers */ = {
			isa = PBXGroup;
			children = (
				4C0A6B461D736C8D00FDC68B /* TaskCellController.swift */,
				4C21DEA11D738075009CF9A5 /* WorkflowViewController.swift */,
			);
			path = Controllers;
			sourceTree = "<group>";
		};
		4C1EDF9E19F485880041A1D9 /* Models */ = {
			isa = PBXGroup;
			children = (
				4C0A6B421D73527900FDC68B /* TimeSlicedTask.swift */,
				4C21DEA51D739EE3009CF9A5 /* Random.swift */,
				4C21DEA31D7380EB009CF9A5 /* KeyValueObserver.swift */,
			);
			path = Models;
			sourceTree = "<group>";
		};
		4C1EDFA119F485880041A1D9 /* Views */ = {
			isa = PBXGroup;
			children = (
				4C0A6B441D735AEA00FDC68B /* TaskTableViewCell.swift */,
				4C1EDFA419F485880041A1D9 /* TaskTableViewCell.xib */,
			);
			path = Views;
			sourceTree = "<group>";
		};
		4C1EDFDD19F48FC20041A1D9 /* Frameworks */ = {
			isa = PBXGroup;
			children = (
				4C1EDFDB19F48EEE0041A1D9 /* Task.framework */,
			);
			name = Frameworks;
			sourceTree = "<group>";
		};
		4C5F387519F4987400A534E5 /* Application */ = {
			isa = PBXGroup;
			children = (
				4C0A6B401D73510500FDC68B /* AppDelegate.swift */,
				4C1EDF7119F484F50041A1D9 /* Supporting Files */,
			);
			path = Application;
			sourceTree = "<group>";
		};
/* End PBXGroup section */

/* Begin PBXNativeTarget section */
		4C1EDF6D19F484F50041A1D9 /* Example-iOS */ = {
			isa = PBXNativeTarget;
			buildConfigurationList = 4C1EDF9119F484F70041A1D9 /* Build configuration list for PBXNativeTarget "Example-iOS" */;
			buildPhases = (
				4C1EDF6A19F484F50041A1D9 /* Sources */,
				4C1EDF6B19F484F50041A1D9 /* Frameworks */,
				4C1EDF6C19F484F50041A1D9 /* Resources */,
			);
			buildRules = (
			);
			dependencies = (
			);
			name = "Example-iOS";
			productName = "Example-iOS";
			productReference = 4C1EDF6E19F484F50041A1D9 /* Example-iOS.app */;
			productType = "com.apple.product-type.application";
		};
/* End PBXNativeTarget section */

/* Begin PBXProject section */
		4C1EDF6619F484F50041A1D9 /* Project object */ = {
			isa = PBXProject;
			attributes = {
				LastUpgradeCheck = 0800;
				ORGANIZATIONNAME = "Ticketmaster Entertainment, Inc.";
				TargetAttributes = {
					4C1EDF6D19F484F50041A1D9 = {
						CreatedOnToolsVersion = 6.1;
						LastSwiftMigration = 0800;
					};
				};
			};
			buildConfigurationList = 4C1EDF6919F484F50041A1D9 /* Build configuration list for PBXProject "Example-iOS" */;
			compatibilityVersion = "Xcode 3.2";
			developmentRegion = English;
			hasScannedForEncodings = 0;
			knownRegions = (
				en,
				Base,
			);
			mainGroup = 4C1EDF6519F484F50041A1D9;
			productRefGroup = 4C1EDF6F19F484F50041A1D9 /* Products */;
			projectDirPath = "";
			projectRoot = "";
			targets = (
				4C1EDF6D19F484F50041A1D9 /* Example-iOS */,
			);
		};
/* End PBXProject section */

/* Begin PBXResourcesBuildPhase section */
		4C1EDF6C19F484F50041A1D9 /* Resources */ = {
			isa = PBXResourcesBuildPhase;
			buildActionMask = 2147483647;
			files = (
				4C5F387F19F4989A00A534E5 /* Main.storyboard in Resources */,
				4C5F388019F4989A00A534E5 /* Images.xcassets in Resources */,
				4C5F387E19F4989A00A534E5 /* LaunchScreen.xib in Resources */,
				4C1EDFAA19F485880041A1D9 /* TaskTableViewCell.xib in Resources */,
			);
			runOnlyForDeploymentPostprocessing = 0;
		};
/* End PBXResourcesBuildPhase section */

/* Begin PBXSourcesBuildPhase section */
		4C1EDF6A19F484F50041A1D9 /* Sources */ = {
			isa = PBXSourcesBuildPhase;
			buildActionMask = 2147483647;
			files = (
				4C0A6B431D73527900FDC68B /* TimeSlicedTask.swift in Sources */,
				4C0A6B451D735AEA00FDC68B /* TaskTableViewCell.swift in Sources */,
				4C0A6B471D736C8D00FDC68B /* TaskCellController.swift in Sources */,
				4C21DEA41D7380EB009CF9A5 /* KeyValueObserver.swift in Sources */,
				4C21DEA21D738075009CF9A5 /* WorkflowViewController.swift in Sources */,
				4C0A6B411D73510500FDC68B /* AppDelegate.swift in Sources */,
				4C21DEA61D739EE3009CF9A5 /* Random.swift in Sources */,
			);
			runOnlyForDeploymentPostprocessing = 0;
		};
/* End PBXSourcesBuildPhase section */

/* Begin PBXVariantGroup section */
		4C5F387719F4989A00A534E5 /* LaunchScreen.xib */ = {
			isa = PBXVariantGroup;
			children = (
				4C5F387819F4989A00A534E5 /* Base */,
			);
			name = LaunchScreen.xib;
			path = Base.lproj;
			sourceTree = "<group>";
		};
		4C5F387919F4989A00A534E5 /* Main.storyboard */ = {
			isa = PBXVariantGroup;
			children = (
				4C5F387A19F4989A00A534E5 /* Base */,
			);
			name = Main.storyboard;
			path = Application/Base.lproj;
			sourceTree = "<group>";
		};
/* End PBXVariantGroup section */

/* Begin XCBuildConfiguration section */
		4C1EDF8F19F484F70041A1D9 /* Debug */ = {
			isa = XCBuildConfiguration;
			buildSettings = {
				ALWAYS_SEARCH_USER_PATHS = NO;
				CLANG_CXX_LANGUAGE_STANDARD = "gnu++0x";
				CLANG_CXX_LIBRARY = "libc++";
				CLANG_ENABLE_MODULES = YES;
				CLANG_ENABLE_OBJC_ARC = YES;
				CLANG_WARN_BOOL_CONVERSION = YES;
				CLANG_WARN_CONSTANT_CONVERSION = YES;
				CLANG_WARN_DIRECT_OBJC_ISA_USAGE = YES_ERROR;
				CLANG_WARN_EMPTY_BODY = YES;
				CLANG_WARN_ENUM_CONVERSION = YES;
				CLANG_WARN_INFINITE_RECURSION = YES;
				CLANG_WARN_INT_CONVERSION = YES;
				CLANG_WARN_OBJC_ROOT_CLASS = YES_ERROR;
				CLANG_WARN_SUSPICIOUS_MOVE = YES;
				CLANG_WARN_UNREACHABLE_CODE = YES;
				CLANG_WARN__DUPLICATE_METHOD_MATCH = YES;
				"CODE_SIGN_IDENTITY[sdk=iphoneos*]" = "iPhone Developer";
				COPY_PHASE_STRIP = NO;
				ENABLE_STRICT_OBJC_MSGSEND = YES;
				ENABLE_TESTABILITY = YES;
				GCC_C_LANGUAGE_STANDARD = gnu99;
				GCC_DYNAMIC_NO_PIC = NO;
				GCC_NO_COMMON_BLOCKS = YES;
				GCC_OPTIMIZATION_LEVEL = 0;
				GCC_PREPROCESSOR_DEFINITIONS = (
					"DEBUG=1",
					"$(inherited)",
				);
				GCC_SYMBOLS_PRIVATE_EXTERN = NO;
				GCC_WARN_64_TO_32_BIT_CONVERSION = YES;
				GCC_WARN_ABOUT_RETURN_TYPE = YES_ERROR;
				GCC_WARN_UNDECLARED_SELECTOR = YES;
				GCC_WARN_UNINITIALIZED_AUTOS = YES_AGGRESSIVE;
				GCC_WARN_UNUSED_FUNCTION = YES;
				GCC_WARN_UNUSED_VARIABLE = YES;
				IPHONEOS_DEPLOYMENT_TARGET = 8.1;
				MTL_ENABLE_DEBUG_INFO = YES;
				ONLY_ACTIVE_ARCH = YES;
				SDKROOT = iphoneos;
			};
			name = Debug;
		};
		4C1EDF9019F484F70041A1D9 /* Release */ = {
			isa = XCBuildConfiguration;
			buildSettings = {
				ALWAYS_SEARCH_USER_PATHS = NO;
				CLANG_CXX_LANGUAGE_STANDARD = "gnu++0x";
				CLANG_CXX_LIBRARY = "libc++";
				CLANG_ENABLE_MODULES = YES;
				CLANG_ENABLE_OBJC_ARC = YES;
				CLANG_WARN_BOOL_CONVERSION = YES;
				CLANG_WARN_CONSTANT_CONVERSION = YES;
				CLANG_WARN_DIRECT_OBJC_ISA_USAGE = YES_ERROR;
				CLANG_WARN_EMPTY_BODY = YES;
				CLANG_WARN_ENUM_CONVERSION = YES;
				CLANG_WARN_INFINITE_RECURSION = YES;
				CLANG_WARN_INT_CONVERSION = YES;
				CLANG_WARN_OBJC_ROOT_CLASS = YES_ERROR;
				CLANG_WARN_SUSPICIOUS_MOVE = YES;
				CLANG_WARN_UNREACHABLE_CODE = YES;
				CLANG_WARN__DUPLICATE_METHOD_MATCH = YES;
				"CODE_SIGN_IDENTITY[sdk=iphoneos*]" = "iPhone Developer";
				COPY_PHASE_STRIP = YES;
				ENABLE_NS_ASSERTIONS = NO;
				ENABLE_STRICT_OBJC_MSGSEND = YES;
				GCC_C_LANGUAGE_STANDARD = gnu99;
				GCC_NO_COMMON_BLOCKS = YES;
				GCC_WARN_64_TO_32_BIT_CONVERSION = YES;
				GCC_WARN_ABOUT_RETURN_TYPE = YES_ERROR;
				GCC_WARN_UNDECLARED_SELECTOR = YES;
				GCC_WARN_UNINITIALIZED_AUTOS = YES_AGGRESSIVE;
				GCC_WARN_UNUSED_FUNCTION = YES;
				GCC_WARN_UNUSED_VARIABLE = YES;
				IPHONEOS_DEPLOYMENT_TARGET = 8.1;
				MTL_ENABLE_DEBUG_INFO = NO;
				SDKROOT = iphoneos;
				VALIDATE_PRODUCT = YES;
			};
			name = Release;
		};
		4C1EDF9219F484F70041A1D9 /* Debug */ = {
			isa = XCBuildConfiguration;
			buildSettings = {
				ASSETCATALOG_COMPILER_APPICON_NAME = AppIcon;
				CLANG_ENABLE_MODULES = YES;
				FRAMEWORK_SEARCH_PATHS = "$(inherited)";
				INFOPLIST_FILE = "Example-iOS/Application/Info.plist";
				LD_RUNPATH_SEARCH_PATHS = "$(inherited) @executable_path/Frameworks";
				PRODUCT_BUNDLE_IDENTIFIER = "com.ticketmaster.$(PRODUCT_NAME:rfc1034identifier)";
				PRODUCT_NAME = "$(TARGET_NAME)";
				SWIFT_OPTIMIZATION_LEVEL = "-Onone";
				SWIFT_VERSION = 3.0;
			};
			name = Debug;
		};
		4C1EDF9319F484F70041A1D9 /* Release */ = {
			isa = XCBuildConfiguration;
			buildSettings = {
				ASSETCATALOG_COMPILER_APPICON_NAME = AppIcon;
				CLANG_ENABLE_MODULES = YES;
				FRAMEWORK_SEARCH_PATHS = "$(inherited)";
				INFOPLIST_FILE = "Example-iOS/Application/Info.plist";
				LD_RUNPATH_SEARCH_PATHS = "$(inherited) @executable_path/Frameworks";
				PRODUCT_BUNDLE_IDENTIFIER = "com.ticketmaster.$(PRODUCT_NAME:rfc1034identifier)";
				PRODUCT_NAME = "$(TARGET_NAME)";
				SWIFT_VERSION = 3.0;
			};
			name = Release;
		};
/* End XCBuildConfiguration section */

/* Begin XCConfigurationList section */
		4C1EDF6919F484F50041A1D9 /* Build configuration list for PBXProject "Example-iOS" */ = {
			isa = XCConfigurationList;
			buildConfigurations = (
				4C1EDF8F19F484F70041A1D9 /* Debug */,
				4C1EDF9019F484F70041A1D9 /* Release */,
			);
			defaultConfigurationIsVisible = 0;
			defaultConfigurationName = Release;
		};
		4C1EDF9119F484F70041A1D9 /* Build configuration list for PBXNativeTarget "Example-iOS" */ = {
			isa = XCConfigurationList;
			buildConfigurations = (
				4C1EDF9219F484F70041A1D9 /* Debug */,
				4C1EDF9319F484F70041A1D9 /* Release */,
			);
			defaultConfigurationIsVisible = 0;
			defaultConfigurationName = Release;
		};
/* End XCConfigurationList section */
	};
	rootObject = 4C1EDF6619F484F50041A1D9 /* Project object */;
}
